{
    "_meta": {
        "hash": {
            "sha256": "d071c2915799e406fab09dde655cb1df879defe9be414ca71fdcea8852149f19"
        },
        "pipfile-spec": 6,
        "requires": {
            "python_version": "3.12"
        },
        "sources": [
            {
                "name": "pypi",
                "url": "https://pypi.org/simple",
                "verify_ssl": true
            }
        ]
    },
    "default": {
        "cachetools": {
            "hashes": [
                "sha256:02134e8439cdc2ffb62023ce1debca2944c3f289d66bb17ead3ab3dede74b292",
                "sha256:2cc24fb4cbe39633fb7badd9db9ca6295d766d9c2995f245725a46715d050f2a"
            ],
            "markers": "python_version >= '3.7'",
            "version": "==5.5.0"
        },
        "certifi": {
            "hashes": [
                "sha256:922820b53db7a7257ffbda3f597266d435245903d80737e34f8a45ff3e3230d8",
                "sha256:bec941d2aa8195e248a60b31ff9f0558284cf01a52591ceda73ea9afffd69fd9"
            ],
            "markers": "python_version >= '3.6'",
            "version": "==2024.8.30"
        },
        "charset-normalizer": {
            "hashes": [
                "sha256:06435b539f889b1f6f4ac1758871aae42dc3a8c0e24ac9e60c2384973ad73027",
                "sha256:06a81e93cd441c56a9b65d8e1d043daeb97a3d0856d177d5c90ba85acb3db087",
                "sha256:0a55554a2fa0d408816b3b5cedf0045f4b8e1a6065aec45849de2d6f3f8e9786",
                "sha256:0b2b64d2bb6d3fb9112bafa732def486049e63de9618b5843bcdd081d8144cd8",
                "sha256:10955842570876604d404661fbccbc9c7e684caf432c09c715ec38fbae45ae09",
                "sha256:122c7fa62b130ed55f8f285bfd56d5f4b4a5b503609d181f9ad85e55c89f4185",
                "sha256:1ceae2f17a9c33cb48e3263960dc5fc8005351ee19db217e9b1bb15d28c02574",
                "sha256:1d3193f4a680c64b4b6a9115943538edb896edc190f0b222e73761716519268e",
                "sha256:1f79682fbe303db92bc2b1136016a38a42e835d932bab5b3b1bfcfbf0640e519",
                "sha256:2127566c664442652f024c837091890cb1942c30937add288223dc895793f898",
                "sha256:22afcb9f253dac0696b5a4be4a1c0f8762f8239e21b99680099abd9b2b1b2269",
                "sha256:25baf083bf6f6b341f4121c2f3c548875ee6f5339300e08be3f2b2ba1721cdd3",
                "sha256:2e81c7b9c8979ce92ed306c249d46894776a909505d8f5a4ba55b14206e3222f",
                "sha256:3287761bc4ee9e33561a7e058c72ac0938c4f57fe49a09eae428fd88aafe7bb6",
                "sha256:34d1c8da1e78d2e001f363791c98a272bb734000fcef47a491c1e3b0505657a8",
                "sha256:37e55c8e51c236f95b033f6fb391d7d7970ba5fe7ff453dad675e88cf303377a",
                "sha256:3d47fa203a7bd9c5b6cee4736ee84ca03b8ef23193c0d1ca99b5089f72645c73",
                "sha256:3e4d1f6587322d2788836a99c69062fbb091331ec940e02d12d179c1d53e25fc",
                "sha256:42cb296636fcc8b0644486d15c12376cb9fa75443e00fb25de0b8602e64c1714",
                "sha256:45485e01ff4d3630ec0d9617310448a8702f70e9c01906b0d0118bdf9d124cf2",
                "sha256:4a78b2b446bd7c934f5dcedc588903fb2f5eec172f3d29e52a9096a43722adfc",
                "sha256:4ab2fe47fae9e0f9dee8c04187ce5d09f48eabe611be8259444906793ab7cbce",
                "sha256:4d0d1650369165a14e14e1e47b372cfcb31d6ab44e6e33cb2d4e57265290044d",
                "sha256:549a3a73da901d5bc3ce8d24e0600d1fa85524c10287f6004fbab87672bf3e1e",
                "sha256:55086ee1064215781fff39a1af09518bc9255b50d6333f2e4c74ca09fac6a8f6",
                "sha256:572c3763a264ba47b3cf708a44ce965d98555f618ca42c926a9c1616d8f34269",
                "sha256:573f6eac48f4769d667c4442081b1794f52919e7edada77495aaed9236d13a96",
                "sha256:5b4c145409bef602a690e7cfad0a15a55c13320ff7a3ad7ca59c13bb8ba4d45d",
                "sha256:6463effa3186ea09411d50efc7d85360b38d5f09b870c48e4600f63af490e56a",
                "sha256:65f6f63034100ead094b8744b3b97965785388f308a64cf8d7c34f2f2e5be0c4",
                "sha256:663946639d296df6a2bb2aa51b60a2454ca1cb29835324c640dafb5ff2131a77",
                "sha256:6897af51655e3691ff853668779c7bad41579facacf5fd7253b0133308cf000d",
                "sha256:68d1f8a9e9e37c1223b656399be5d6b448dea850bed7d0f87a8311f1ff3dabb0",
                "sha256:6ac7ffc7ad6d040517be39eb591cac5ff87416c2537df6ba3cba3bae290c0fed",
                "sha256:6b3251890fff30ee142c44144871185dbe13b11bab478a88887a639655be1068",
                "sha256:6c4caeef8fa63d06bd437cd4bdcf3ffefe6738fb1b25951440d80dc7df8c03ac",
                "sha256:6ef1d82a3af9d3eecdba2321dc1b3c238245d890843e040e41e470ffa64c3e25",
                "sha256:753f10e867343b4511128c6ed8c82f7bec3bd026875576dfd88483c5c73b2fd8",
                "sha256:7cd13a2e3ddeed6913a65e66e94b51d80a041145a026c27e6bb76c31a853c6ab",
                "sha256:7ed9e526742851e8d5cc9e6cf41427dfc6068d4f5a3bb03659444b4cabf6bc26",
                "sha256:7f04c839ed0b6b98b1a7501a002144b76c18fb1c1850c8b98d458ac269e26ed2",
                "sha256:802fe99cca7457642125a8a88a084cef28ff0cf9407060f7b93dca5aa25480db",
                "sha256:80402cd6ee291dcb72644d6eac93785fe2c8b9cb30893c1af5b8fdd753b9d40f",
                "sha256:8465322196c8b4d7ab6d1e049e4c5cb460d0394da4a27d23cc242fbf0034b6b5",
                "sha256:86216b5cee4b06df986d214f664305142d9c76df9b6512be2738aa72a2048f99",
                "sha256:87d1351268731db79e0f8e745d92493ee2841c974128ef629dc518b937d9194c",
                "sha256:8bdb58ff7ba23002a4c5808d608e4e6c687175724f54a5dade5fa8c67b604e4d",
                "sha256:8c622a5fe39a48f78944a87d4fb8a53ee07344641b0562c540d840748571b811",
                "sha256:8d756e44e94489e49571086ef83b2bb8ce311e730092d2c34ca8f7d925cb20aa",
                "sha256:8f4a014bc36d3c57402e2977dada34f9c12300af536839dc38c0beab8878f38a",
                "sha256:9063e24fdb1e498ab71cb7419e24622516c4a04476b17a2dab57e8baa30d6e03",
                "sha256:90d558489962fd4918143277a773316e56c72da56ec7aa3dc3dbbe20fdfed15b",
                "sha256:923c0c831b7cfcb071580d3f46c4baf50f174be571576556269530f4bbd79d04",
                "sha256:95f2a5796329323b8f0512e09dbb7a1860c46a39da62ecb2324f116fa8fdc85c",
                "sha256:96b02a3dc4381e5494fad39be677abcb5e6634bf7b4fa83a6dd3112607547001",
                "sha256:9f96df6923e21816da7e0ad3fd47dd8f94b2a5ce594e00677c0013018b813458",
                "sha256:a10af20b82360ab00827f916a6058451b723b4e65030c5a18577c8b2de5b3389",
                "sha256:a50aebfa173e157099939b17f18600f72f84eed3049e743b68ad15bd69b6bf99",
                "sha256:a981a536974bbc7a512cf44ed14938cf01030a99e9b3a06dd59578882f06f985",
                "sha256:a9a8e9031d613fd2009c182b69c7b2c1ef8239a0efb1df3f7c8da66d5dd3d537",
                "sha256:ae5f4161f18c61806f411a13b0310bea87f987c7d2ecdbdaad0e94eb2e404238",
                "sha256:aed38f6e4fb3f5d6bf81bfa990a07806be9d83cf7bacef998ab1a9bd660a581f",
                "sha256:b01b88d45a6fcb69667cd6d2f7a9aeb4bf53760d7fc536bf679ec94fe9f3ff3d",
                "sha256:b261ccdec7821281dade748d088bb6e9b69e6d15b30652b74cbbac25e280b796",
                "sha256:b2b0a0c0517616b6869869f8c581d4eb2dd83a4d79e0ebcb7d373ef9956aeb0a",
                "sha256:b4a23f61ce87adf89be746c8a8974fe1c823c891d8f86eb218bb957c924bb143",
                "sha256:bd8f7df7d12c2db9fab40bdd87a7c09b1530128315d047a086fa3ae3435cb3a8",
                "sha256:beb58fe5cdb101e3a055192ac291b7a21e3b7ef4f67fa1d74e331a7f2124341c",
                "sha256:c002b4ffc0be611f0d9da932eb0f704fe2602a9a949d1f738e4c34c75b0863d5",
                "sha256:c083af607d2515612056a31f0a8d9e0fcb5876b7bfc0abad3ecd275bc4ebc2d5",
                "sha256:c180f51afb394e165eafe4ac2936a14bee3eb10debc9d9e4db8958fe36afe711",
                "sha256:c235ebd9baae02f1b77bcea61bce332cb4331dc3617d254df3323aa01ab47bd4",
                "sha256:cd70574b12bb8a4d2aaa0094515df2463cb429d8536cfb6c7ce983246983e5a6",
                "sha256:d0eccceffcb53201b5bfebb52600a5fb483a20b61da9dbc885f8b103cbe7598c",
                "sha256:d965bba47ddeec8cd560687584e88cf699fd28f192ceb452d1d7ee807c5597b7",
                "sha256:db364eca23f876da6f9e16c9da0df51aa4f104a972735574842618b8c6d999d4",
                "sha256:ddbb2551d7e0102e7252db79ba445cdab71b26640817ab1e3e3648dad515003b",
                "sha256:deb6be0ac38ece9ba87dea880e438f25ca3eddfac8b002a2ec3d9183a454e8ae",
                "sha256:e06ed3eb3218bc64786f7db41917d4e686cc4856944f53d5bdf83a6884432e12",
                "sha256:e27ad930a842b4c5eb8ac0016b0a54f5aebbe679340c26101df33424142c143c",
                "sha256:e537484df0d8f426ce2afb2d0f8e1c3d0b114b83f8850e5f2fbea0e797bd82ae",
                "sha256:eb00ed941194665c332bf8e078baf037d6c35d7c4f3102ea2d4f16ca94a26dc8",
                "sha256:eb6904c354526e758fda7167b33005998fb68c46fbc10e013ca97f21ca5c8887",
                "sha256:eb8821e09e916165e160797a6c17edda0679379a4be5c716c260e836e122f54b",
                "sha256:efcb3f6676480691518c177e3b465bcddf57cea040302f9f4e6e191af91174d4",
                "sha256:f27273b60488abe721a075bcca6d7f3964f9f6f067c8c4c605743023d7d3944f",
                "sha256:f30c3cb33b24454a82faecaf01b19c18562b1e89558fb6c56de4d9118a032fd5",
                "sha256:fb69256e180cb6c8a894fee62b3afebae785babc1ee98b81cdf68bbca1987f33",
                "sha256:fd1abc0d89e30cc4e02e4064dc67fcc51bd941eb395c502aac3ec19fab46b519",
                "sha256:ff8fa367d09b717b2a17a052544193ad76cd49979c805768879cb63d9ca50561"
            ],
            "markers": "python_full_version >= '3.7.0'",
            "version": "==3.3.2"
        },
        "configargparse": {
            "hashes": [
                "sha256:d249da6591465c6c26df64a9f73d2536e743be2f244eb3ebe61114af2f94f86b",
                "sha256:e7067471884de5478c58a511e529f0f9bd1c66bfef1dea90935438d6c23306d1"
            ],
            "index": "pypi",
            "version": "==1.7"
        },
        "dateutils": {
            "hashes": [
                "sha256:03dd90bcb21541bd4eb4b013637e4f1b5f944881c46cc6e4b67a6059e370e3f1",
                "sha256:f33b6ab430fa4166e7e9cb8b21ee9f6c9843c48df1a964466f52c79b2a8d53b3"
            ],
            "index": "pypi",
            "version": "==0.6.12"
        },
        "fuzzywuzzy": {
            "hashes": [
                "sha256:45016e92264780e58972dca1b3d939ac864b78437422beecebb3095f8efd00e8",
                "sha256:928244b28db720d1e0ee7587acf660ea49d7e4c632569cad4f1cd7e68a5f0993"
            ],
            "index": "pypi",
            "version": "==0.18.0"
        },
        "google-api-core": {
            "hashes": [
                "sha256:ef0591ef03c30bb83f79b3d0575c3f31219001fc9c5cf37024d08310aeffed8a",
                "sha256:f74dff1889ba291a4b76c5079df0711810e2d9da81abfdc99957bc961c1eb28f"
            ],
            "markers": "python_version >= '3.7'",
            "version": "==2.20.0"
        },
        "google-api-python-client": {
            "hashes": [
                "sha256:c6ecfa193c695baa41e84562d8f8f244fcd164419eca3fc9fd7565646668f9b2",
                "sha256:e864c2cf61d34c00f05278b8bdb72b93b6fa34f0de9ead51d20435f3b65f91be"
            ],
            "index": "pypi",
            "markers": "python_version >= '3.7'",
            "version": "==2.147.0"
        },
        "google-auth": {
            "hashes": [
                "sha256:25df55f327ef021de8be50bad0dfd4a916ad0de96da86cd05661c9297723ad3f",
                "sha256:f4c64ed4e01e8e8b646ef34c018f8bf3338df0c8e37d8b3bba40e7f574a3278a"
            ],
            "index": "pypi",
            "markers": "python_version >= '3.7'",
            "version": "==2.35.0"
        },
        "google-auth-httplib2": {
            "hashes": [
                "sha256:38aa7badf48f974f1eb9861794e9c0cb2a0511a4ec0679b1f886d108f5640e05",
                "sha256:b65a0a2123300dd71281a7bf6e64d65a0759287df52729bdd1ae2e47dc311a3d"
            ],
            "version": "==0.2.0"
        },
        "google-auth-oauthlib": {
            "hashes": [
                "sha256:2d58a27262d55aa1b87678c3ba7142a080098cbc2024f903c62355deb235d91f",
                "sha256:afd0cad092a2eaa53cd8e8298557d6de1034c6cb4a740500b5357b648af97263"
            ],
            "index": "pypi",
            "markers": "python_version >= '3.6'",
            "version": "==1.2.1"
        },
        "googleapis-common-protos": {
            "hashes": [
                "sha256:2972e6c496f435b92590fd54045060867f3fe9be2c82ab148fc8885035479a63",
                "sha256:334a29d07cddc3aa01dee4988f9afd9b2916ee2ff49d6b757155dc0d197852c0"
            ],
            "markers": "python_version >= '3.7'",
            "version": "==1.65.0"
        },
        "httplib2": {
            "hashes": [
                "sha256:14ae0a53c1ba8f3d37e9e27cf37eabb0fb9980f435ba405d546948b009dd64dc",
                "sha256:d7a10bc5ef5ab08322488bde8c726eeee5c8618723fdb399597ec58f3d82df81"
            ],
            "markers": "python_version >= '2.7' and python_version not in '3.0, 3.1, 3.2, 3.3'",
            "version": "==0.22.0"
        },
        "idna": {
            "hashes": [
                "sha256:12f65c9b470abda6dc35cf8e63cc574b1c52b11df2c86030af0ac09b01b13ea9",
                "sha256:946d195a0d259cbba61165e88e65941f16e9b36ea6ddb97f00452bae8b1287d3"
            ],
            "markers": "python_version >= '3.6'",
            "version": "==3.10"
        },
        "jq": {
            "hashes": [
                "sha256:01cc78dbf56e75debc9d46ba85ef61ac37472e8d629d01dbea79d4c09ef6dd51",
                "sha256:049ba2978e61e593299edc6dd57b9cefd680272740ad1d4703f8784f5fab644d",
                "sha256:04b2f964c5ad6ac3013b052099bfc0cf8bd2cf80cedca670153687681c013641",
                "sha256:05e2c0a8944a3ff93de6353d60ed69fa85b155c08d6776ab20d4429197f50050",
                "sha256:0627d3dd67e73a754d9950f57d964a711658b1258ddd135cf8c1e845c5efb49e",
                "sha256:0aca31819d07377f9036ebdeb57c1ccb73e10c502badb5c8601572ccb4fa96e2",
                "sha256:0c24a5f9e3807e277e19f305c8bcd0665b8b89251b053903f611969657680722",
                "sha256:12a78b891113193de32fcfd822f82e2065beeb5479c8b39dc5312c35cac77a6e",
                "sha256:14f5988ae3604ebfdba2da398f9bd941bb3a72144a2831cfec2bc22bd23d5563",
                "sha256:190fd2bf92b7abec3090a1f68db40cd001178e84c42754f75253ee1f9c17dfdf",
                "sha256:1a01261e4df11d3a0fe42fece73bb458d2e4a33b481d67e5e817acec8b0e923d",
                "sha256:1be1638f9d5f38c83440fb9626d8f78905ed5d70e926e3a664d3de1198e1ef79",
                "sha256:1db31a68bf563a67579cc3c634f1676884ad29c9a43ce5d3858e989deafdc215",
                "sha256:1ddb23e26d7606040ee4ec8b3845dc34eb56d4a905f9d0dcad398e269786135d",
                "sha256:21a0a58482e8e6be03d7b280365d40c3c4c1cf36d3ba58f98b1e351c42d6483d",
                "sha256:2526368e5658eaeb47984b551e7178a0216cc8c5fdd6dd343964574cae513c89",
                "sha256:2c7464d9b88c74a7119b53f4bbf88028d07a9de9a1a279e45209b763b89d6582",
                "sha256:2d7e82d58bf3afe373afb3a01f866e473bbd34f38377a2f216c6222ec028eeea",
                "sha256:2f59a71c51417e9fe10cad76be2557635da1febcef925ab948b66471b8d72232",
                "sha256:325480cba94f504b282f42912a16b32d94dd1e6347cf3a367ec3c97fe1dd1b3a",
                "sha256:353db01bbb964eff9e39c8966e7c123cbdad1ff59cc3bee773a7a2034e2b843b",
                "sha256:361c5089b912e558932202e4b10a8dd3d986ae8eb08ff39d5d419eb30db1df08",
                "sha256:39b409e27cebc7d0323d966309ced5b46496a348475443f8ef38906f45bff7ff",
                "sha256:3d2186049890f9e08a90f351c4ac34ac449123f78e729994d501ceb02add9829",
                "sha256:3ecba9f181e7810a336a520f32df998e6ecc9fdebac80c6a636e402baa939e79",
                "sha256:415f8112a6f80a459d885e500f69ee510ca319fcc12e679ce5bf02c900f09118",
                "sha256:4b32381ebdf1b5870e32a90737aa7d91824eaf5c78586973845de80802eb035a",
                "sha256:4d86a99a72cef84ccd94905b1c10d8d4b9542e05cc94d2ae713a0f10ea1b52f6",
                "sha256:52cac82de5608f9174d22a1a805d61ba47ea182b10a934135904648c618ebe34",
                "sha256:53141eebca4bf8b4f2da5e44271a8a3694220dfd22d2b4b2cfb4816b2b6c9057",
                "sha256:53c87ef5491e484cdfb740303ccfc141af1d23275750569f539d4981524f4251",
                "sha256:53e60a87657efc365a5d9ccfea2b536cddc1ffab190e823f8645ad933b272d51",
                "sha256:57e8bcdf2a744ee702542f3441fb2583db7f28602a6a2ff4a6d7009a11fafc86",
                "sha256:58e092e54e1b543352b1dfd0fbfac233c46b999b2dfdba2b604536ad777566ae",
                "sha256:59bda8b62453967a32f418562309d0ffe0da73227e8c5800334ee0b515c5d2e2",
                "sha256:5af7413dd18e7a448364a78a31739e0687d5fa00751e6d6acbbb5dde06e105b4",
                "sha256:628848f92a0f24f5ca50c879d271555a63bf28746c1efd3571ee49e9a357b602",
                "sha256:69ee5e888bb7e6549f51f1148e78ae31e584297f496a68e258af1baca81d8785",
                "sha256:6f3cefb4b9dde8edeb2af0b108c8df1942e9352e83406491959e7dc145ccf20a",
                "sha256:7453731008eb7671725222781eb7bc5ed96e80fc9a652d177cb982276d3e08b4",
                "sha256:745d0f9786bd89eb9bff054ac08ce0e61877d28931857585e244e8674ac3727e",
                "sha256:76aea6161c4d975230e85735c0214c386e66035e96cfc4fd69159e87f46c09d4",
                "sha256:76d66b230ec285c5a211899d6f75bb7ac22fcf5c14f420df534d8d4544f9aa97",
                "sha256:7bed3b9cc53d72383fc558cfe03345735e7532d1733a5ed3c2196f1eec1c26d7",
                "sha256:850540641b8e0ecebc8763ff660811bcf5834468fd2572ee3ef8d79dea67050d",
                "sha256:8776c33c0b69ae8de50cde9a338ef69cc0db4122ff6763a18c5532d6a5eb86f4",
                "sha256:881be44d8f804a97a1e37dc6360bf2deab43768d7fbb31cfb22ca8050dd6aed3",
                "sha256:88416952dc41192736e8884e1465e2121401a39e8d2fdaf4190d88d70102e4ad",
                "sha256:88a0450b9e4b55f5e7c8fce00d6db7f5826334193f599daa27b8c44d6d5a3fd0",
                "sha256:8b6322f647f9e1d7be7f6e8203106f4ff1b7c0e07c9023607c7414e1dc098b67",
                "sha256:8c86f0f9d496c6d51caa9597dae6bdb11b27c45cee820a3db3bb61303359d217",
                "sha256:8e687ef4b360e7436c3b5f15ee25f2570bcbcadccb940ebbc80ebe4b05b91ee2",
                "sha256:8ef1d313fec8820648879e7c167a3162ebbd711a5429a07427ac3f9c48ab8415",
                "sha256:917812663613fc0542117bbe7ec43c8733b0c6bb174db6be06a15fc612de3b70",
                "sha256:95f57649e84a09b334eeb80d22ecc96ff7b31701f3f818ef14cb8bb162c84863",
                "sha256:96cb0bb35d55b19b910b12aba3d72e333ad6348a703494c7738cc4664e4410f0",
                "sha256:990116b7fcf3f37dd89cb12bbc5a09f85ca1fee368945501096470c71f1851de",
                "sha256:9d055dc15f76c8d7f5c917d2bc4540582e21f1783f12149758751e4b760888d7",
                "sha256:9fc84851be38bac073ab4a8dcd9966edef3f2a5bc69f6f85f7c5c1baf5d9bf6a",
                "sha256:a2528b279717339d3ca87fd263f1f38a66f79dabd3882fc8d73d68dd06db4260",
                "sha256:a5c3a9e8fa0eedb600626719630ec3dc6018379075e10733d88899f147d26528",
                "sha256:aa70883dcbddb06bcb1510f5025f2709268d91ddbe23f31b297ffc73fec1ed3d",
                "sha256:aaf6e17cd9bf26c076a9a6ff0b4bfac66fdaa37ed9e215683de58d657cc75f29",
                "sha256:aaf862d1bc1d0095aef0efc76f8cef0da7ab996f2b9d34c5067e48427a069ea3",
                "sha256:b4a79e94c83ebde789ff54e609f19b1923b2f57b2bd17ccb4953713577d4c3dc",
                "sha256:b6f61ea995c11dd1877f0452d12aad2b2a617b965e31033d2e62db4a530e87c0",
                "sha256:b8004ba63facc31eecd09e86e02cf5e1a5cf491cf8856f30d70c3fa96b8c74f9",
                "sha256:b99761e8ec2cedb9906df4ceae33f467a377621019ef40a9a275689ac3577456",
                "sha256:c049335a00f502b213376f67f651adc86cbe636468107190d08a4b1f77754fb5",
                "sha256:c226c2b15c51efd0cbdd0470a2711dad3ead6a079052fbd4405e08f5e009449c",
                "sha256:c30249ae524ac54ef73dabda6f2b5be077debb7847050e18f91d915f6b6f0208",
                "sha256:c3c2ba32ea87d6f15a1e83af71d5af12c82814dac21809a3995fb8e5763968ff",
                "sha256:c73ce1672863e84b506865da342cb014c3af795e7670d267d8d61d061d4b59f7",
                "sha256:c757f4a2a08e98826875176bbc872da4913f5d64f8d3e27f3cf05fcf64cf6b92",
                "sha256:cb90b618855e89c95396ab6aab09a1334df81fa4fbd1c0e939cab34a4993465f",
                "sha256:cccda466f5722fa9be789099ce253bfc177e49f9a981cb7f5b6369ea37041104",
                "sha256:cd0c30af5257ae0dccd27c5140726e24108a472e56dce8767b918905adfd9c99",
                "sha256:d24b8aa12ad7f465262ab0aeb0a7fa43df814ad3e50253ce454af40769da69d8",
                "sha256:d302a987dabf2fbf7297bf32b1ed16e1232e85734d412c94abfa95bf7e4bf689",
                "sha256:d375b0f372df24087fd0688ef85fef43a44a3e382a82afcc0cdfdfe59e59d313",
                "sha256:d9719abb172d40c01e4f42214db8b05cac4118ad6c6265f8b57ef14b86eedeaf",
                "sha256:dafdae5ccc2e75df69b32518805c8d9d7aa97d0388cd6dc89b83d7bd516ea2eb",
                "sha256:dc7ebcc1037c8a82db30aff9177f17379bcc91734def09548e939326717fd82d",
                "sha256:ddd9abdf0c1b30be1bf853d8c52187c96a51b2cbc05f40c43a37bf6a9b956807",
                "sha256:e14aa012606470d1a21fdc39835b8eef395f7ea143c720940a48156de94752e9",
                "sha256:e3297cc2d2dfc9e7c92e119ba91ef30c7493b59d3528b9486b0c4dd819ff8d28",
                "sha256:e3da3538549d5bdc84e6282555be4ba5a50c3792db7d8d72d064cc6f48a2f722",
                "sha256:e433560001d59cfa3551f276d7b6c6943fa6b6e05019b2071ccb41c9b2dc0c3c",
                "sha256:eb484525dd801583ebd695d02f9165445a4d1b2fb560b187e6fc654911f0600e",
                "sha256:ec9e4db978237470e9d65f747eb459f4ffee576c9c9f8ca92ab32d5687a46e4a",
                "sha256:f057322a572fe2cf0cb9ea068dd4eec237bc15490e0944cd979aeb23b20db3ac",
                "sha256:f7262695b12039bdf66677b189bf0eb01c0d5b9b5ba905f1509984a1dbbc6505",
                "sha256:f8441fe181af789a05b742930d095ee61fc251fdd2b975c68e359ac7e85a4c2d",
                "sha256:f8903b66fac9f46de72b3a2f69bfa3c638a7a8d52610d1894df87ef0a9e4d2d3",
                "sha256:f9f2548c83473bbe88a32a0735cb949a5d01804f8d411efae5342b5d23be8a2f"
            ],
            "index": "pypi",
            "markers": "python_version >= '3.6'",
            "version": "==1.8.0"
        },
        "levenshtein": {
            "hashes": [
                "sha256:0560746b2c40cdd25458cb4a065e4d7ffbb245783638f5b0173cfd135f9d6664",
                "sha256:0576b0e817904adc621077761e71c97555ae9e698e712b0bdbe868464444200b",
                "sha256:07ffd78569ca80adfd55172156faac35eb12ccd375d6d51ba4512b0346337cbf",
                "sha256:0afb8bd5bc2d686d34ed721399d78359d104c7483a740b262fd260357599e318",
                "sha256:0c06ddb9149ee0f25ba334ad04ee3f782be3e64ab4bf8b9f34d6e4bf19a22880",
                "sha256:14c96604ce1228922094ea266d9927227ab129e939b3e5dd84fee07390b72b5f",
                "sha256:16a3f4d0bcdbd0d14e0c49844a2ac02d8acece9f6cce41ea437c1d07ac536ec1",
                "sha256:17c9e1d7bbde972c09e2c6578392ff0668697db8f815649594b984ed2b0b2843",
                "sha256:1bf886afed2304e0022c33ed644afb719411cce4d4af11ba5bb040f05d9f00c1",
                "sha256:2150961cff9cfcfd4b5e4c1a5c90b2d4520a7d9cb65cd070cda5601b7f099496",
                "sha256:22c40516cc830aeeb18b09bd96ec32378b7e52e201d67e86dfb7f6a2e3bf3b3d",
                "sha256:247767593ede88f3ddbd4f948ed30817cb751e25a335b35ec2332752021e4e10",
                "sha256:2b3aa9a0b844ddaeb6f5317eb4e85b5748901cf40c9a9b0d3a8bf76ef9d3cccc",
                "sha256:3baa2c8ebc1f3b773ffb010e03e7319098323618f919c5db2c7188e439d13602",
                "sha256:3cc288a6ab97a3ccd980d8a0465378b99eb53e32232f99279092a97578c4b2e9",
                "sha256:3e265812db8b04e6ae159751c7a82d6e0e5025223bd330fc9104a8a5beeeb7cf",
                "sha256:3e8e373586026d71ec2053300ef46c5268fe41a29d9f58a724487e3f060502db",
                "sha256:47a4d8c58114c2b9a4318dcb8e2a0dc8446ec3ec637b051f3dbe27555786f603",
                "sha256:4931c8263e06edbece310b1f8e03bfcb74f211863a85058b46cdf8460a4136af",
                "sha256:4a0ed02c8aaef0903b72fe0da88d9d24d7964b07dbc123997e549ac165efad8d",
                "sha256:4ecf7d755304d2ffab2ee808100f5e87889347b572c61c97d9f4f9a318806713",
                "sha256:52a7407416723cd7163238b16b7c0eba4b30bc53f549e803e654f1df6824e0b5",
                "sha256:54200110ba27c20cb2e3bc48cf855d7d910c6704a47caefe97ced8c59ee075b4",
                "sha256:588094f406d5cb01dbf74201f8b4fe345d2b92a789997eb5371dad754f831d5b",
                "sha256:5cefa552c5190e912f0fe39b62a5b08597d1256f330ed2c459ba724947458282",
                "sha256:6170cbbec2ffc3df86adf2f457f83a22df99b6c4e2b21c76bc9a67b23c2940d1",
                "sha256:64bfad7270c2fc0f872f6ca2e26cc091efebfb64b7b1ae156123c2304fbcbae4",
                "sha256:651b011617937d18f671450c8294d11b5b556b09e33ac038b923ae6496e35d31",
                "sha256:68a165bd91dab44c2b91c8278e3728f0da98cb48b1ed7f263bfdf616efcf4932",
                "sha256:71a3afbfc7d97fd536f128084a20c2a79b5d79995c7111eced1baf4d103ea6d4",
                "sha256:7211e700ddca453efe49bdce57c84073451667873d80037c73c1f55840d08e70",
                "sha256:754669e9b82795cfc3ca0d70f2e715b58ff4d0f7e7f4e77fc6539543439ae22c",
                "sha256:75e2567bf64e422843d0f67917938c0235a9292b395076dd5f8bbb731d1c3058",
                "sha256:770dc2973c9c76598d68b736319c2b2b6fad1f88837119a92e9124ff2167cc49",
                "sha256:77422c5da5cfd8455a8835329d965e24250b0f0c1398e0a6362879f00d18f27c",
                "sha256:7aabafb951b96ca6e0f981b1edb3ec81b41c010b7437758e275393768fa84453",
                "sha256:7acff8e4335f18bb5b60cbd310957cf46c964f0b5bc1cc82fe6647c45309b9f8",
                "sha256:7ce82de94989df4367ff38de2c4193bf0ea77b4e207ae60e98876922007a0f81",
                "sha256:8104cb5642277439c07091c160ad3b1c3d20c160db8dbf5306871f065721e5e8",
                "sha256:830b1993e3e945b213a6b73ceca8b555147a6ecd7323e4959b80dee35abfc7fc",
                "sha256:88f051a0a4eec22cd8071634d5a2ee40d9810080e3b6d1e61e4fbe2a7a7ece3d",
                "sha256:8a9949dd238e8c1bd27669a1bf66a5507eed2fd486130b30b2df44cc4f238a3c",
                "sha256:8c58cb6c9f90f9b11d6b478e2da6ac1f0bcb5ea9608a5611088d30f782ee5920",
                "sha256:912fe5a3bcc970ab4b97e7e83ea118cf9a98831813535efa0f499b0b4df032dd",
                "sha256:9238be73beff55e2b285ac393573274e55233e7270cb6484fa4550b775016705",
                "sha256:93a949fabc6280ab44a6252d780577715e8e71a63a295c4730ce5490006ae1f5",
                "sha256:960b020d96bbd348400d6ff5c16290adee49f0ae2d42707a550a3b4f7d092abe",
                "sha256:968731244a7d56354c912c054e7b6ea33c3700632ef7cab1c895b3110e86dc7b",
                "sha256:a01150b33505596be83bff9f6f06f53bc1a14fd5e36e840dc134822c6ba20e00",
                "sha256:a30d30485eec8a2efe72d639fb9c33f0991416a6ddb490d6f0eef01c9dc79b7a",
                "sha256:a492bd9e0075ed5f748ac000ffff581d7652f6cb2cf1d9ec9de3d12270dfc225",
                "sha256:a541040a01333994e5a037cb4e2c2b0e2496a2141facf63bbc9b359fe9f5b1dd",
                "sha256:a68f863bef8a5301bc7ca4b99f2f8d666b5edcd30dca6234ee6cd541ca8a8f4e",
                "sha256:abc4618610ec6fff1c894fc931bc8b57c6d1ad7b8b9acafa685e19a84f521f8b",
                "sha256:ad6da19613e53c288bd130fadb91937b0ba849013065ddd377568cdd90611caa",
                "sha256:baf0c8c09d5c55f136b62e201886c4b93b4abbdbde0475f67dd8fc278bb403f7",
                "sha256:bcbd4403c630755a5f898e6905975c1a8bb2c71a756d399f93811f82b5c0b1b3",
                "sha256:bf2561d9077367aa01f3c6caf6132cec84b2b9a481f64f14f35f9e976a353605",
                "sha256:c2d3f8cf45deeb6d0faa9df089c0e36e457236fc66aa31e67d3e7c15336e8401",
                "sha256:c311554a220a12110d2640ee245d74f07b25cdc0acc04c625ab2bdf708f3bf84",
                "sha256:c49a20ddb119ab2d56e7e4d62e43602dff8c397718be4f00474723b40d626a7f",
                "sha256:c532571fabd8a23fa12971f432cd17ababa031dee6efbaa8fa31380876593a3e",
                "sha256:c5d21d3b08ceb7e544fae04897e211e43fb3500c9b3a8e74d08468b015c7270d",
                "sha256:c68b6e6c74ce9056370559196177b9e514ba20611a1ce9545dcd366d8a97cc60",
                "sha256:c95201c7425cdff12ed16ff0a15af52c46477935e7589d1dc6ebd24f416c9ed8",
                "sha256:ca2735baf43fb540be7d3cf24eb2fc97a395e9e85ec8fae64199f3b2ccbf5c5c",
                "sha256:cbd4775e0e88e209cbb4f722d39d057531138dafbd07e36c4b33eb18e29494ef",
                "sha256:d0fa54bd453b8b347139b4ef940d717939c6a8966fdbcde2cf8d70316497e292",
                "sha256:d526636efb6e727dce5f67eb3437079f1d5d71dd2c0a2b6f48a62791a789764e",
                "sha256:d9c8ac0f4ae2de173b6ccc3d0b379d1aa4212f653badc324fb5aa868e304e847",
                "sha256:dafc593a6e346fec5520f5dec9d87f4894aa9d584ccad43ce9fdcc363d9e9c34",
                "sha256:de7727a57d1241f8c2d53a9f70642f48891514789bbd4daa0f90547b4e0bf70f",
                "sha256:e40e9a2c6482f6cce9046693844b33c492f35e57c849a0e104b03234ef3a31f6",
                "sha256:e5fb23bf35ef1094d00415bb2116dd862fb919adc4044436508029dafedfd687",
                "sha256:e8a34d41c7b392df98fce7c8353ea87cbbbf39239db141096ded00f4e1e75e6e",
                "sha256:ea97df5fecf4195ed24aa4c245e5b6cf42527a5818bd7d0d92ba8c7425828861",
                "sha256:eb13782c15c2c0f5a74e920a9c9c26da5730830c13809bcb7a32876f1a4fb643",
                "sha256:ed1c1354f0f1e4736c2fb6f91e3913b63e38c8873a228a299f656bdaf788e1eb",
                "sha256:f88d05187622366b529b25b130a8fad6497d7b6189e82198ce67d3921c3e418c",
                "sha256:fd953f8952c825c5d7112e9d64136afc8c7c122b9facc3ec4f9f87591a85e6d1",
                "sha256:fe230c754f628f6d266b8d970f8556775fb0a9c05027f807754312af7927b2ed"
            ],
            "index": "pypi",
            "markers": "python_version >= '3.9'",
            "version": "==0.26.0"
        },
        "oauthlib": {
            "hashes": [
                "sha256:8139f29aac13e25d502680e9e19963e83f16838d48a0d71c287fe40e7067fbca",
                "sha256:9859c40929662bec5d64f34d01c99e093149682a3f38915dc0655d5a633dd918"
            ],
            "markers": "python_version >= '3.6'",
            "version": "==3.2.2"
        },
        "proto-plus": {
            "hashes": [
                "sha256:6ca687ed9aacf349f90000aedf331eb66c02e4dfb0bdc49590462db3e662b5d5",
                "sha256:b56ee80685703a6b9bd816059ebd7a9e9bfd8e0d7e11415e3362324ea7c1492c"
            ],
            "markers": "python_version >= '3.7'",
            "version": "==1.24.1rc0"
        },
        "protobuf": {
            "hashes": [
                "sha256:2c69461a7fcc8e24be697624c09a839976d82ae75062b11a0972e41fd2cd9132",
                "sha256:35cfcb15f213449af7ff6198d6eb5f739c37d7e4f1c09b5d0641babf2cc0c68f",
                "sha256:52235802093bd8a2811abbe8bf0ab9c5f54cca0a751fdd3f6ac2a21438bffece",
                "sha256:59379674ff119717404f7454647913787034f03fe7049cbef1d74a97bb4593f0",
                "sha256:5e8a95246d581eef20471b5d5ba010d55f66740942b95ba9b872d918c459452f",
                "sha256:87317e9bcda04a32f2ee82089a204d3a2f0d3c8aeed16568c7daf4756e4f1fe0",
                "sha256:8ddc60bf374785fb7cb12510b267f59067fa10087325b8e1855b898a0d81d276",
                "sha256:a8b9403fc70764b08d2f593ce44f1d2920c5077bf7d311fefec999f8c40f78b7",
                "sha256:c0ea0123dac3399a2eeb1a1443d82b7afc9ff40241433296769f7da42d142ec3",
                "sha256:ca53faf29896c526863366a52a8f4d88e69cd04ec9571ed6082fa117fac3ab36",
                "sha256:eeea10f3dc0ac7e6b4933d32db20662902b4ab81bf28df12218aa389e9c2102d"
            ],
            "markers": "python_version >= '3.8'",
            "version": "==5.28.2"
        },
        "pyasn1": {
            "hashes": [
                "sha256:0d632f46f2ba09143da3a8afe9e33fb6f92fa2320ab7e886e2d0f7672af84629",
                "sha256:6f580d2bdd84365380830acf45550f2511469f673cb4a5ae3857a3170128b034"
            ],
            "markers": "python_version >= '3.8'",
            "version": "==0.6.1"
        },
        "pyasn1-modules": {
            "hashes": [
                "sha256:49bfa96b45a292b711e986f222502c1c9a5e1f4e568fc30e2574a6c7d07838fd",
                "sha256:c28e2dbf9c06ad61c71a075c7e0f9fd0f1b0bb2d2ad4377f240d33ac2ab60a7c"
            ],
            "markers": "python_version >= '3.8'",
            "version": "==0.4.1"
        },
        "pyparsing": {
            "hashes": [
                "sha256:4be19b56e8cab9347870c2ba8cfe1e7d18944e8705f41784c3243db531146a0a",
                "sha256:5e258463e5d13a9848f2722b481cd92948b4108088d6e7d3c4d8d02e754ad3de"
            ],
            "markers": "python_version >= '3.1'",
            "version": "==3.2.0b2"
        },
        "python-dateutil": {
            "hashes": [
                "sha256:37dd54208da7e1cd875388217d5e00ebd4179249f90fb72437e91a35459a0ad3",
                "sha256:a8b2bc7bffae282281c8140a97d3aa9c14da0b136dfe83f850eea9a5f7470427"
            ],
            "index": "pypi",
            "markers": "python_version >= '2.7' and python_version not in '3.0, 3.1, 3.2, 3.3'",
            "version": "==2.9.0.post0"
        },
        "pytz": {
            "hashes": [
                "sha256:7b4fddbeb94a1eba4b557da24f19fdf9db575192544270a9101d8509f9f43d7b",
                "sha256:ce42d816b81b68506614c11e8937d3aa9e41007ceb50bfdcb0749b921bf646c7"
            ],
            "version": "==2023.3.post1"
        },
        "rapidfuzz": {
            "hashes": [
                "sha256:03126f9a040ff21d2a110610bfd6b93b79377ce8b4121edcb791d61b7df6eec5",
                "sha256:048d55d36c02c6685a2b2741688503c3d15149694506655b6169dcfd3b6c2585",
                "sha256:057bb03f39e285047d7e9412e01ecf31bb2d42b9466a5409d715d587460dd59b",
                "sha256:0b1c2d504eddf97bc0f2eba422c8915576dbf025062ceaca2d68aecd66324ad9",
                "sha256:0d1415a732ee75e74a90af12020b77a0b396b36c60afae1bde3208a78cd2c9fc",
                "sha256:0e9125377fa3d21a8abd4fbdbcf1c27be73e8b1850f0b61b5b711364bf3b59db",
                "sha256:110b6294396bc0a447648627479c9320f095c2034c0537f687592e0f58622638",
                "sha256:111a20a3c090cf244d9406e60500b6c34b2375ba3a5009e2b38fd806fe38e337",
                "sha256:13d8675a1fa7e2b19650ca7ef9a6ec01391d4bb12ab9e0793e8eb024538b4a34",
                "sha256:18669bb6cdf7d40738526d37e550df09ba065b5a7560f3d802287988b6cb63cf",
                "sha256:19c64d8ddb2940b42a4567b23f1681af77f50a5ff6c9b8e85daba079c210716e",
                "sha256:1dc516ac6d32027be2b0196bedf6d977ac26debd09ca182376322ad620460feb",
                "sha256:1de91e7fd7f525e10ea79a6e62c559d1b0278ec097ad83d9da378b6fab65a265",
                "sha256:1ee2086f490cb501d86b7e386c1eb4e3a0ccbb0c99067089efaa8c79012c8952",
                "sha256:1ef6a1a8f0b12f8722f595f15c62950c9a02d5abc64742561299ffd49f6c6944",
                "sha256:1f1a33e84056b7892c721d84475d3bde49a145126bc4c6efe0d6d0d59cb31c29",
                "sha256:22589c0b8ccc6c391ce7f776c93a8c92c96ab8d34e1a19f1bd2b12a235332632",
                "sha256:2379e0b2578ad3ac7004f223251550f08bca873ff76c169b09410ec562ad78d8",
                "sha256:268f8e1ca50fc61c0736f3fe9d47891424adf62d96ed30196f30f4bd8216b41f",
                "sha256:3171653212218a162540a3c8eb8ae7d3dcc8548540b69eaecaf3b47c14d89c90",
                "sha256:32532af1d70c6ec02ea5ac7ee2766dfff7c8ae8c761abfe8da9e527314e634e8",
                "sha256:3445a35c4c8d288f2b2011eb61bce1227c633ce85a3154e727170f37c0266bb2",
                "sha256:3492c7a42b7fa9f0051d7fcce9893e95ed91c97c9ec7fb64346f3e070dd318ed",
                "sha256:35d3044cb635ca6b1b2b7b67b3597bd19f34f1753b129eb6d2ae04cf98cd3945",
                "sha256:364587827d7cbd41afa0782adc2d2d19e3f07d355b0750a02a8e33ad27a9c368",
                "sha256:3665b92e788578c3bb334bd5b5fa7ee1a84bafd68be438e3110861d1578c63a0",
                "sha256:36dd6e820379c37a1ffefc8a52b648758e867cd9d78ee5b5dc0c9a6a10145378",
                "sha256:3ed5adb752f4308fcc8f4fb6f8eb7aa4082f9d12676fda0a74fa5564242a8107",
                "sha256:47e92c155a14f44511ea8ebcc6bc1535a1fe8d0a7d67ad3cc47ba61606df7bcf",
                "sha256:4ff196996240db7075f62c7bc4506f40a3c80cd4ae3ab0e79ac6892283a90859",
                "sha256:521c58c72ed8a612b25cda378ff10dee17e6deb4ee99a070b723519a345527b9",
                "sha256:5551d68264c1bb6943f542da83a4dc8940ede52c5847ef158698799cc28d14f5",
                "sha256:578302828dd97ee2ba507d2f71d62164e28d2fc7bc73aad0d2d1d2afc021a5d5",
                "sha256:579d107102c0725f7c79b4e79f16d3cf4d7c9208f29c66b064fa1fd4641d5155",
                "sha256:591908240f4085e2ade5b685c6e8346e2ed44932cffeaac2fb32ddac95b55c7f",
                "sha256:5a93c9e60904cb76e7aefef67afffb8b37c4894f81415ed513db090f29d01101",
                "sha256:5d1eff95362f993b0276fd3839aee48625b09aac8938bb0c23b40d219cba5dc5",
                "sha256:5d5262383634626eb45c536017204b8163a03bc43bda880cf1bdd7885db9a163",
                "sha256:5f8bf3f0d02935751d8660abda6044821a861f6229f7d359f98bcdcc7e66c39b",
                "sha256:603f48f621272a448ff58bb556feb4371252a02156593303391f5c3281dfaeac",
                "sha256:675b75412a943bb83f1f53e2e54fd18c80ef15ed642dc6eb0382d1949419d904",
                "sha256:68bd888eafd07b09585dcc8bc2716c5ecdb7eed62827470664d25588982b2873",
                "sha256:696a79018ef989bf1c9abd9005841cee18005ccad4748bad8a4c274c47b6241a",
                "sha256:6c5b32875646cb7f60c193ade99b2e4b124f19583492115293cd00f6fb198b17",
                "sha256:6f83221db5755b8f34222e40607d87f1176a8d5d4dbda4a55a0f0b67d588a69c",
                "sha256:6fb76e5a21034f0307c51c5a2fc08856f698c53a4c593b17d291f7d6e9d09ca3",
                "sha256:7abe2dbae81120a64bb4f8d3fcafe9122f328c9f86d7f327f174187a5af4ed86",
                "sha256:7b702de95666a1f7d5c6b47eacadfe2d2794af3742d63d2134767d13e5d1c713",
                "sha256:7c20c1474b068c4bd45bf2fd0ad548df284f74e9a14a68b06746c56e3aa8eb70",
                "sha256:836f4d88b8bd0fff2ebe815dcaab8aa6c8d07d1d566a7e21dd137cf6fe11ed5b",
                "sha256:8501000a5eb8037c4b56857724797fe5a8b01853c363de91c8d0d0ad56bef319",
                "sha256:8772b745668260c5c4d069c678bbaa68812e6c69830f3771eaad521af7bc17f8",
                "sha256:8b01153c7466d0bad48fba77a303d5a768e66f24b763853469f47220b3de4661",
                "sha256:8d92c552c6b7577402afdd547dcf5d31ea6c8ae31ad03f78226e055cfa37f3c6",
                "sha256:9030e7238c0df51aed5c9c5ed8eee2bdd47a2ae788e562c1454af2851c3d1906",
                "sha256:90db86fa196eecf96cb6db09f1083912ea945c50c57188039392d810d0b784e1",
                "sha256:948dcee7aaa1cd14358b2a7ef08bf0be42bf89049c3a906669874a715fc2c937",
                "sha256:94baaeea0b4f8632a6da69348b1e741043eba18d4e3088d674d3f76586b6223d",
                "sha256:953b3780765c8846866faf891ee4290f6a41a6dacf4fbcd3926f78c9de412ca6",
                "sha256:95b8292383e717e10455f2c917df45032b611141e43d1adf70f71b1566136b11",
                "sha256:965693c2e9efd425b0f059f5be50ef830129f82892fa1858e220e424d9d0160f",
                "sha256:97f2ce529d2a70a60c290f6ab269a2bbf1d3b47b9724dccc84339b85f7afb044",
                "sha256:9b6a5de507b9be6de688dae40143b656f7a93b10995fb8bd90deb555e7875c60",
                "sha256:9dba13d86806fcf3fe9c9919f58575e0090eadfb89c058bde02bcc7ab24e4548",
                "sha256:9dc86aa6b29d174713c5f4caac35ffb7f232e3e649113e8d13812b35ab078228",
                "sha256:9dcd14cf4876f04b488f6e54a7abd3e9b31db5f5a6aba0ce90659917aaa8c088",
                "sha256:a3b36e1c61b796ae1777f3e9e11fd39898b09d351c9384baf6e3b7e6191d8ced",
                "sha256:a3c0783910911f4f24655826d007c9f4360f08107410952c01ee3df98c713eb2",
                "sha256:a40184c67db8252593ec518e17fb8a6e86d7259dc9f2d6c0bf4ff4db8cf1ad4b",
                "sha256:a4da514d13f4433e16960a17f05b67e0af30ac771719c9a9fb877e5004f74477",
                "sha256:a8feac9006d5c9758438906f093befffc4290de75663dbb2098461df7c7d28dd",
                "sha256:a93cd834b3c315ab437f0565ee3a2f42dd33768dc885ccbabf9710b131cf70d2",
                "sha256:ae1a38bade755aa9dd95a81cda949e1bf9cd92b79341ccc5e2189c9e7bdfc5ec",
                "sha256:b23806fbdd6b510ba9ac93bb72d503066263b0fba44b71b835be9f063a84025f",
                "sha256:b4f86e09d3064dca0b014cd48688964036a904a2d28048f00c8f4640796d06a8",
                "sha256:b997ff3b39d4cee9fb025d6c46b0a24bd67595ce5a5b652a97fb3a9d60beb651",
                "sha256:be3a1fc3e2ab3bdf93dc0c83c00acca8afd2a80602297d96cf4a0ba028333cdf",
                "sha256:c12d180b17a22d107c8747de9c68d0b9c1d15dcda5445ff9bf9f4ccfb67c3e16",
                "sha256:c1318d42610c26dcd68bd3279a1bf9e3605377260867c9a8ed22eafc1bd93a7c",
                "sha256:c33211cfff9aec425bb1bfedaf94afcf337063aa273754f22779d6dadebef4c2",
                "sha256:c4eebf6c93af0ae866c22b403a84747580bb5c10f0d7b51c82a87f25405d4dcb",
                "sha256:c4f28f1930b09a2c300357d8465b388cecb7e8b2f454a5d5425561710b7fd07f",
                "sha256:ca66676c8ef6557f9b81c5b2b519097817a7c776a6599b8d6fcc3e16edd216fe",
                "sha256:ccf68e30b80e903f2309f90a438dbd640dd98e878eeb5ad361a288051ee5b75c",
                "sha256:cd9360e30041690912525a210e48a897b49b230768cc8af1c702e5395690464f",
                "sha256:cfa74aac64c85898b93d9c80bb935a96bf64985e28d4ee0f1a3d1f3bf11a5106",
                "sha256:d098ce6162eb5e48fceb0745455bc950af059df6113eec83e916c129fca11408",
                "sha256:d1230e0f9026851a6a432beaa0ce575dda7b39fe689b576f99a0704fbb81fc9c",
                "sha256:d4ba2318ef670ce505f42881a5d2af70f948124646947341a3c6ccb33cd70369",
                "sha256:d4e049d5ad61448c9a020d1061eba20944c4887d720c4069724beb6ea1692507",
                "sha256:d73ee2df41224c87336448d279b5b6a3a75f36e41dd3dcf538c0c9cce36360d8",
                "sha256:d7df9c2194c7ec930b33c991c55dbd0c10951bd25800c0b7a7b571994ebbced5",
                "sha256:d95751f505a301af1aaf086c19f34536056d6c8efa91b2240de532a3db57b543",
                "sha256:dd5fa6e3c6e0333051c1f3a49f0807b3366f4131c8d6ac8c3e05fd0d0ce3755c",
                "sha256:df596ddd3db38aa513d4c0995611267b3946e7cbe5a8761b50e9306dfec720ee",
                "sha256:e2957fdad10bb83b1982b02deb3604a3f6911a5e545f518b59c741086f92d152",
                "sha256:e3dcfbe7266e74a707173a12a7b355a531f2dcfbdb32f09468e664330da14874",
                "sha256:e6d9db2fa4e9be171e9bb31cf2d2575574774966b43f5b951062bb2e67885852",
                "sha256:e9012d86c6397edbc9da4ac0132de7f8ee9d6ce857f4194d5684c4ddbcdd1c5c",
                "sha256:e9fbf659537d246086d0297628b3795dc3e4a384101ecc01e5791c827b8d7345",
                "sha256:ecc24af7f905f3d6efb371a01680116ffea8d64e266618fb9ad1602a9b4f7934",
                "sha256:ece45eb2af8b00f90d10f7419322e8804bd42fb1129026f9bfe712c37508b514",
                "sha256:f1c7296534c1afb6f495aa95871f14ccdc197c6db42965854e483100df313030",
                "sha256:f847fb0fbfb72482b1c05c59cbb275c58a55b73708a7f77a83f8035ee3c86497",
                "sha256:fbda3dd68d8b28ccb20ffb6f756fefd9b5ba570a772bedd7643ed441f5793308",
                "sha256:fc3e6081069eea61593f1d6839029da53d00c8c9b205c5534853eaa3f031085c",
                "sha256:fcf79b686962d7bec458a0babc904cb4fa319808805e036b9d5a531ee6b9b835",
                "sha256:fde81b1da9a947f931711febe2e2bee694e891f6d3e6aa6bc02c1884702aea19"
            ],
            "markers": "python_version >= '3.8'",
            "version": "==3.9.7"
        },
        "requests": {
            "hashes": [
                "sha256:55365417734eb18255590a9ff9eb97e9e1da868d4ccd6402399eaf68af20a760",
                "sha256:70761cfe03c773ceb22aa2f671b4757976145175cdfca038c02654d061d6dcc6"
            ],
            "markers": "python_version >= '3.8'",
            "version": "==2.32.3"
        },
        "requests-oauthlib": {
            "hashes": [
                "sha256:7dd8a5c40426b779b0868c404bdef9768deccf22749cde15852df527e6269b36",
                "sha256:b3dffaebd884d8cd778494369603a9e7b58d29111bf6b41bdc2dcd87203af4e9"
            ],
            "markers": "python_version >= '3.4'",
            "version": "==2.0.0"
        },
        "retrying": {
            "hashes": [
                "sha256:345da8c5765bd982b1d1915deb9102fd3d1f7ad16bd84a9700b85f64d24e8f3e",
                "sha256:8cc4d43cb8e1125e0ff3344e9de678fefd85db3b750b81b2240dc0183af37b35"
            ],
            "index": "pypi",
            "version": "==1.3.4"
        },
        "rsa": {
            "hashes": [
                "sha256:90260d9058e514786967344d0ef75fa8727eed8a7d2e43ce9f4bcf1b536174f7",
                "sha256:e38464a49c6c85d7f1351b0126661487a7e0a14a50f1675ec50eb34d4f20ef21"
            ],
            "markers": "python_version >= '3.6' and python_version < '4'",
            "version": "==4.9"
        },
        "six": {
            "hashes": [
                "sha256:1e61c37477a1626458e36f7b1d82aa5c9b094fa4802892072e49de9c60c4c926",
                "sha256:8abb2f1d86890a2dfb989f9a77cfcfd3e47c2a354b01111771326f8aa26e0254"
            ],
            "markers": "python_version >= '2.7' and python_version not in '3.0, 3.1, 3.2, 3.3'",
            "version": "==1.16.0"
        },
        "tzlocal": {
            "hashes": [
                "sha256:49816ef2fe65ea8ac19d19aa7a1ae0551c834303d5014c6d5a62e4cbda8047b8",
                "sha256:8d399205578f1a9342816409cc1e46a93ebd5755e39ea2d85334bea911bf0e6e"
            ],
            "index": "pypi",
            "version": "==5.2"
        },
        "uritemplate": {
            "hashes": [
                "sha256:4346edfc5c3b79f694bccd6d6099a322bbeb628dbf2cd86eea55a456ce5124f0",
                "sha256:830c08b8d99bdd312ea4ead05994a38e8936266f84b9a7878232db50b044e02e"
            ],
            "markers": "python_version >= '3.6'",
            "version": "==4.1.1"
        },
        "urllib3": {
            "hashes": [
                "sha256:ca899ca043dcb1bafa3e262d73aa25c465bfb49e0bd9dd5d59f1d0acba2f8fac",
                "sha256:e7d814a81dad81e6caf2ec9fdedb284ecc9c73076b62654547cc64ccdcae26e9"
            ],
            "index": "pypi",
            "markers": "python_version >= '3.8'",
            "version": "==2.2.3"
        }
    },
    "develop": {}
}
