{
    "_meta": {
        "hash": {
            "sha256": "fa524aca71922b195b513fcebdc2027f6af3e4a675b01e8c7c5c0168c919e55d"
        },
        "pipfile-spec": 6,
        "requires": {
            "python_version": "3.11"
        },
        "sources": [
            {
                "name": "pypi",
                "url": "https://pypi.org/simple",
                "verify_ssl": true
            }
        ]
    },
    "default": {
        "cachetools": {
            "hashes": [
                "sha256:95ef631eeaea14ba2e36f06437f36463aac3a096799e876ee55e5cdccb102590",
                "sha256:dce83f2d9b4e1f732a8cd44af8e8fab2dbe46201467fc98b3ef8f269092bf62b"
            ],
            "markers": "python_full_version >= '3.7.0'",
            "version": "==5.3.1"
        },
        "certifi": {
            "hashes": [
                "sha256:539cc1d13202e33ca466e88b2807e29f4c13049d6d87031a3c110744495cb082",
                "sha256:92d6037539857d8206b8f6ae472e8b77db8058fec5937a1ef3f54304089edbb9"
            ],
            "markers": "python_version >= '3.6'",
            "version": "==2023.7.22"
        },
        "charset-normalizer": {
            "hashes": [
                "sha256:04e57ab9fbf9607b77f7d057974694b4f6b142da9ed4a199859d9d4d5c63fe96",
                "sha256:09393e1b2a9461950b1c9a45d5fd251dc7c6f228acab64da1c9c0165d9c7765c",
                "sha256:0b87549028f680ca955556e3bd57013ab47474c3124dc069faa0b6545b6c9710",
                "sha256:1000fba1057b92a65daec275aec30586c3de2401ccdcd41f8a5c1e2c87078706",
                "sha256:1249cbbf3d3b04902ff081ffbb33ce3377fa6e4c7356f759f3cd076cc138d020",
                "sha256:1920d4ff15ce893210c1f0c0e9d19bfbecb7983c76b33f046c13a8ffbd570252",
                "sha256:193cbc708ea3aca45e7221ae58f0fd63f933753a9bfb498a3b474878f12caaad",
                "sha256:1a100c6d595a7f316f1b6f01d20815d916e75ff98c27a01ae817439ea7726329",
                "sha256:1f30b48dd7fa1474554b0b0f3fdfdd4c13b5c737a3c6284d3cdc424ec0ffff3a",
                "sha256:203f0c8871d5a7987be20c72442488a0b8cfd0f43b7973771640fc593f56321f",
                "sha256:246de67b99b6851627d945db38147d1b209a899311b1305dd84916f2b88526c6",
                "sha256:2dee8e57f052ef5353cf608e0b4c871aee320dd1b87d351c28764fc0ca55f9f4",
                "sha256:2efb1bd13885392adfda4614c33d3b68dee4921fd0ac1d3988f8cbb7d589e72a",
                "sha256:2f4ac36d8e2b4cc1aa71df3dd84ff8efbe3bfb97ac41242fbcfc053c67434f46",
                "sha256:3170c9399da12c9dc66366e9d14da8bf7147e1e9d9ea566067bbce7bb74bd9c2",
                "sha256:3b1613dd5aee995ec6d4c69f00378bbd07614702a315a2cf6c1d21461fe17c23",
                "sha256:3bb3d25a8e6c0aedd251753a79ae98a093c7e7b471faa3aa9a93a81431987ace",
                "sha256:3bb7fda7260735efe66d5107fb7e6af6a7c04c7fce9b2514e04b7a74b06bf5dd",
                "sha256:41b25eaa7d15909cf3ac4c96088c1f266a9a93ec44f87f1d13d4a0e86c81b982",
                "sha256:45de3f87179c1823e6d9e32156fb14c1927fcc9aba21433f088fdfb555b77c10",
                "sha256:46fb8c61d794b78ec7134a715a3e564aafc8f6b5e338417cb19fe9f57a5a9bf2",
                "sha256:48021783bdf96e3d6de03a6e39a1171ed5bd7e8bb93fc84cc649d11490f87cea",
                "sha256:4957669ef390f0e6719db3613ab3a7631e68424604a7b448f079bee145da6e09",
                "sha256:5e86d77b090dbddbe78867a0275cb4df08ea195e660f1f7f13435a4649e954e5",
                "sha256:6339d047dab2780cc6220f46306628e04d9750f02f983ddb37439ca47ced7149",
                "sha256:681eb3d7e02e3c3655d1b16059fbfb605ac464c834a0c629048a30fad2b27489",
                "sha256:6c409c0deba34f147f77efaa67b8e4bb83d2f11c8806405f76397ae5b8c0d1c9",
                "sha256:7095f6fbfaa55defb6b733cfeb14efaae7a29f0b59d8cf213be4e7ca0b857b80",
                "sha256:70c610f6cbe4b9fce272c407dd9d07e33e6bf7b4aa1b7ffb6f6ded8e634e3592",
                "sha256:72814c01533f51d68702802d74f77ea026b5ec52793c791e2da806a3844a46c3",
                "sha256:7a4826ad2bd6b07ca615c74ab91f32f6c96d08f6fcc3902ceeedaec8cdc3bcd6",
                "sha256:7c70087bfee18a42b4040bb9ec1ca15a08242cf5867c58726530bdf3945672ed",
                "sha256:855eafa5d5a2034b4621c74925d89c5efef61418570e5ef9b37717d9c796419c",
                "sha256:8700f06d0ce6f128de3ccdbc1acaea1ee264d2caa9ca05daaf492fde7c2a7200",
                "sha256:89f1b185a01fe560bc8ae5f619e924407efca2191b56ce749ec84982fc59a32a",
                "sha256:8b2c760cfc7042b27ebdb4a43a4453bd829a5742503599144d54a032c5dc7e9e",
                "sha256:8c2f5e83493748286002f9369f3e6607c565a6a90425a3a1fef5ae32a36d749d",
                "sha256:8e098148dd37b4ce3baca71fb394c81dc5d9c7728c95df695d2dca218edf40e6",
                "sha256:94aea8eff76ee6d1cdacb07dd2123a68283cb5569e0250feab1240058f53b623",
                "sha256:95eb302ff792e12aba9a8b8f8474ab229a83c103d74a750ec0bd1c1eea32e669",
                "sha256:9bd9b3b31adcb054116447ea22caa61a285d92e94d710aa5ec97992ff5eb7cf3",
                "sha256:9e608aafdb55eb9f255034709e20d5a83b6d60c054df0802fa9c9883d0a937aa",
                "sha256:a103b3a7069b62f5d4890ae1b8f0597618f628b286b03d4bc9195230b154bfa9",
                "sha256:a386ebe437176aab38c041de1260cd3ea459c6ce5263594399880bbc398225b2",
                "sha256:a38856a971c602f98472050165cea2cdc97709240373041b69030be15047691f",
                "sha256:a401b4598e5d3f4a9a811f3daf42ee2291790c7f9d74b18d75d6e21dda98a1a1",
                "sha256:a7647ebdfb9682b7bb97e2a5e7cb6ae735b1c25008a70b906aecca294ee96cf4",
                "sha256:aaf63899c94de41fe3cf934601b0f7ccb6b428c6e4eeb80da72c58eab077b19a",
                "sha256:b0dac0ff919ba34d4df1b6131f59ce95b08b9065233446be7e459f95554c0dc8",
                "sha256:baacc6aee0b2ef6f3d308e197b5d7a81c0e70b06beae1f1fcacffdbd124fe0e3",
                "sha256:bf420121d4c8dce6b889f0e8e4ec0ca34b7f40186203f06a946fa0276ba54029",
                "sha256:c04a46716adde8d927adb9457bbe39cf473e1e2c2f5d0a16ceb837e5d841ad4f",
                "sha256:c0b21078a4b56965e2b12f247467b234734491897e99c1d51cee628da9786959",
                "sha256:c1c76a1743432b4b60ab3358c937a3fe1341c828ae6194108a94c69028247f22",
                "sha256:c4983bf937209c57240cff65906b18bb35e64ae872da6a0db937d7b4af845dd7",
                "sha256:c4fb39a81950ec280984b3a44f5bd12819953dc5fa3a7e6fa7a80db5ee853952",
                "sha256:c57921cda3a80d0f2b8aec7e25c8aa14479ea92b5b51b6876d975d925a2ea346",
                "sha256:c8063cf17b19661471ecbdb3df1c84f24ad2e389e326ccaf89e3fb2484d8dd7e",
                "sha256:ccd16eb18a849fd8dcb23e23380e2f0a354e8daa0c984b8a732d9cfaba3a776d",
                "sha256:cd6dbe0238f7743d0efe563ab46294f54f9bc8f4b9bcf57c3c666cc5bc9d1299",
                "sha256:d62e51710986674142526ab9f78663ca2b0726066ae26b78b22e0f5e571238dd",
                "sha256:db901e2ac34c931d73054d9797383d0f8009991e723dab15109740a63e7f902a",
                "sha256:e03b8895a6990c9ab2cdcd0f2fe44088ca1c65ae592b8f795c3294af00a461c3",
                "sha256:e1c8a2f4c69e08e89632defbfabec2feb8a8d99edc9f89ce33c4b9e36ab63037",
                "sha256:e4b749b9cc6ee664a3300bb3a273c1ca8068c46be705b6c31cf5d276f8628a94",
                "sha256:e6a5bf2cba5ae1bb80b154ed68a3cfa2fa00fde979a7f50d6598d3e17d9ac20c",
                "sha256:e857a2232ba53ae940d3456f7533ce6ca98b81917d47adc3c7fd55dad8fab858",
                "sha256:ee4006268ed33370957f55bf2e6f4d263eaf4dc3cfc473d1d90baff6ed36ce4a",
                "sha256:eef9df1eefada2c09a5e7a40991b9fc6ac6ef20b1372abd48d2794a316dc0449",
                "sha256:f058f6963fd82eb143c692cecdc89e075fa0828db2e5b291070485390b2f1c9c",
                "sha256:f25c229a6ba38a35ae6e25ca1264621cc25d4d38dca2942a7fce0b67a4efe918",
                "sha256:f2a1d0fd4242bd8643ce6f98927cf9c04540af6efa92323e9d3124f57727bfc1",
                "sha256:f7560358a6811e52e9c4d142d497f1a6e10103d3a6881f18d04dbce3729c0e2c",
                "sha256:f779d3ad205f108d14e99bb3859aa7dd8e9c68874617c72354d7ecaec2a054ac",
                "sha256:f87f746ee241d30d6ed93969de31e5ffd09a2961a051e60ae6bddde9ec3583aa"
            ],
            "markers": "python_full_version >= '3.7.0'",
            "version": "==3.2.0"
        },
        "configargparse": {
            "hashes": [
                "sha256:d249da6591465c6c26df64a9f73d2536e743be2f244eb3ebe61114af2f94f86b",
                "sha256:e7067471884de5478c58a511e529f0f9bd1c66bfef1dea90935438d6c23306d1"
            ],
            "index": "pypi",
            "version": "==1.7"
        },
        "dateutils": {
            "hashes": [
                "sha256:03dd90bcb21541bd4eb4b013637e4f1b5f944881c46cc6e4b67a6059e370e3f1",
                "sha256:f33b6ab430fa4166e7e9cb8b21ee9f6c9843c48df1a964466f52c79b2a8d53b3"
            ],
            "index": "pypi",
            "version": "==0.6.12"
        },
        "google-api-core": {
            "hashes": [
                "sha256:01ef6523fe3ef1ba061f2c42bea282701a6602e2f7a80ba5cef6bcf29ac03984",
                "sha256:445290eaf8dafcb577cc5fdfb9c863c5d551b5f2e962e450991700fdf1151a0c"
            ],
            "markers": "python_full_version >= '3.7.0'",
            "version": "==2.12.0.dev0"
        },
        "google-api-python-client": {
            "hashes": [
                "sha256:6959d21d4b20c0f65c69662ca7b6a8a02fc08f3e7f72d70b28ae3e6e3a5f9ab2",
                "sha256:d9385ad6e7f95eecd40f7c81e3abfe4b6ad3a84f2c16bcdb66fb7b8dd814ed56"
            ],
            "index": "pypi",
            "version": "==2.91.0"
        },
        "google-auth": {
            "hashes": [
                "sha256:b28e8048e57727e7cf0e5bd8e7276b212aef476654a09511354aa82753b45c66",
                "sha256:da3f18d074fa0f5a7061d99b9af8cee3aa6189c987af7c1b07d94566b6b11268"
            ],
            "index": "pypi",
            "version": "==2.21.0"
        },
        "google-auth-httplib2": {
            "hashes": [
                "sha256:31e49c36c6b5643b57e82617cb3e021e3e1d2df9da63af67252c02fa9c1f4a10",
                "sha256:a07c39fd632becacd3f07718dfd6021bf396978f03ad3ce4321d060015cc30ac"
            ],
            "version": "==0.1.0"
        },
        "google-auth-oauthlib": {
            "hashes": [
                "sha256:95880ca704928c300f48194d1770cf5b1462835b6e49db61445a520f793fd5fb",
                "sha256:e375064964820b47221a7e1b7ee1fd77051b6323c3f9e3e19785f78ab67ecfc5"
            ],
            "index": "pypi",
            "version": "==1.0.0"
        },
        "googleapis-common-protos": {
            "hashes": [
                "sha256:0cbedb6fb68f1c07e18eb4c48256320777707e7d0c55063ae56c15db3224a61e",
                "sha256:b35d530fe825fb4227857bc47ad84c33c809ac96f312e13182bdeaa2abe1178a"
            ],
            "markers": "python_full_version >= '3.7.0'",
            "version": "==1.59.1"
        },
        "httplib2": {
            "hashes": [
                "sha256:14ae0a53c1ba8f3d37e9e27cf37eabb0fb9980f435ba405d546948b009dd64dc",
                "sha256:d7a10bc5ef5ab08322488bde8c726eeee5c8618723fdb399597ec58f3d82df81"
            ],
            "markers": "python_version >= '2.7' and python_version not in '3.0, 3.1, 3.2, 3.3'",
            "version": "==0.22.0"
        },
        "idna": {
            "hashes": [
                "sha256:814f528e8dead7d329833b91c5faa87d60bf71824cd12a7530b5526063d02cb4",
                "sha256:90b77e79eaa3eba6de819a0c442c0b4ceefc341a7a2ab77d7562bf49f425c5c2"
            ],
            "markers": "python_version >= '3.5'",
            "version": "==3.4"
        },
        "jq": {
            "hashes": [
                "sha256:013f2fd214658dfabb30f0f7c1f5937612aa431c308e3f0b5287e2c1fe005670",
                "sha256:03398193695e7c39d70454703ff4df5d4e73610c0f638293a17394a0e301c4b0",
                "sha256:04b6a8da8864bbfde571f6bbd1412d5e1fc7d44b53b82becc01ba57f6e0e4e3b",
                "sha256:07521d66d04834984592d1191650b7437fc3bb43117832ee867e7ef1552f0bfb",
                "sha256:075fbcca38a2ff010e8635949235f00383bac71c1cb8fe1de92d9635328d93dd",
                "sha256:0e307e44970771ef2467ca077b24b44d4926865b226b4ce63b023704bac83291",
                "sha256:0ea920309b9e3ff7ec7d84af3f3d0d7e1535c6ff2632d6b214ed77323f4354a0",
                "sha256:1de59ae61b4c9934c5cb7cca92f9fc0129af9b893ad6b6765c01580a9a3a88f8",
                "sha256:261da8c2427bbef16f8014d039ca0a455e6b65be5d759e027cd06fb29b367ddd",
                "sha256:29ab6343b2d4712c9f42816594a327c3a27a38186a67ae743b159d6ad12c4780",
                "sha256:29c274d022cae55a1fd15f68a680acabd412ec3455f9aa7b1be6e459bf14ee07",
                "sha256:2a1ed55cadef25168698b5bd795ef3dd6e62021d0edd38dd399e425d2e6ca1e8",
                "sha256:2e9ca74e7414727172b9ba958d4f19c2072754400b6d3d34ddffdd198250e9f8",
                "sha256:2f18867f1e0b62a563e7ff70ad27a128020008b396e8b566fc0007fdc3481fea",
                "sha256:36206957bea17061d4a0213f3131dd5adcc882eecccb87ef3bd3a8c430670273",
                "sha256:3888c7f500dc21639db4fcd41a5535bd89937440089060b480f48fe96653d61a",
                "sha256:39411bc8c81eb239ad1f8e9743f802e1c3ad1a4f3b2f49157f89945dc04d4a7b",
                "sha256:4200ba0fbee48531e6322c6d4b5b5546305e8a1a906f9e7fe37b44c4ed7a9aa4",
                "sha256:4e932b85940355fea788b8b5ec7259bcf32afaee5fbaad8e2288d46ad49ff6ca",
                "sha256:52eb0c2ad59ae60f2acd95b4cd3710d409524a567766e321d1b3855c6f814cfe",
                "sha256:647dd9415ced71d9d1414f4f7c02c2ceb6603057b74bf12bd8a45c72a6349d7c",
                "sha256:66f9bb08df8c9866fd1dc24894a5f066c88ac0abe38a6e56b45bf94858a95a6f",
                "sha256:71e57866dabba05a4fdbca9e210e063ed90f1267db95244d3fb750fbb500d9b9",
                "sha256:73d1d92158df3b16534ce922c78d9d39a3743c31b87665202da85155a5f30284",
                "sha256:7e57bee4fe0974d86c2716cfd418ad9ec3373990a929681199ebdf093186109c",
                "sha256:8197df843ef663b52bdb015cf0ce00e6d863a1697f54b5a483ef414c0ebdf8ad",
                "sha256:8a5ce87325cd1712d975fa8360cc254d9d9c679166f59ed63292900a10a103dc",
                "sha256:8d41b65f357b7a1b02967d1fc3bfeef5fbfd2c86d3dbd52b42d2465680248cae",
                "sha256:9500c1a8af12595fdf707c95a7c227cb91af013d34705ef721bd37487c747f75",
                "sha256:985b7c5d8906c1658181107d8260ad0aa2d275fa0a827cab33d47c2bf000e357",
                "sha256:9a5ac5fd3707db2de66b52611e4afe6e8f28303a0c0871c357a69b816a03afa9",
                "sha256:9d62f7d2912b671445d9c1bbe39418992c068c41650e22f1655fd50793567198",
                "sha256:9ef3685f992bbea8856dfb3bbb349dac114cd2f31555422d229765a713851f29",
                "sha256:a24e353ced0a405c0c458d599796c26f530e3d47df35fe5954d443f93e0a77bb",
                "sha256:a85a80014a8b896996913a15226c32c81f34ab636be0635983fd99713520e8b7",
                "sha256:a8f436348abc0176946c581f62f470adac5f43d605addf5911c1ee8b399e17e1",
                "sha256:aa7f600466c91e3ef09c64a5fb6263dcf50961eac10dadd1a1c173f0b605b331",
                "sha256:abe9af031e619b0ba0ea3506705008e4afa360c0e5ac5ff0b6abc1f09e73c976",
                "sha256:b1a806d2b33e1ef0afe54548179a0f73e3248fad8ffa8908c19ef48e41bdc34f",
                "sha256:b3051b1f3e9f18b8c7391c493fbe8dcee1c05a27fe6ac8c410b0b49b94e8acf6",
                "sha256:b5bdb4d3b6a5fbe841d558862fbfad60d277c89fb00c17581cd2114b2ec20a0c",
                "sha256:b68e3c5be148b9a19d1381ec45a9d43abc48c688a4969d991a5c3aa64abce9a9",
                "sha256:b69625da92605efa3492fbf1bff5300b6539d2feeeb86225ae27dbc73ba6c2d7",
                "sha256:c4650601f703b0819f6a8311ae7cd548230c4d235646b339d9839f1ff8f48881",
                "sha256:c9dccc2c3647d3fe2704047c31179e712cbd9866663651034dcf0282c0095620",
                "sha256:cdbde363b97e71751f3de5b00c56b7cc45707848171badd956edda822a22e3d6",
                "sha256:cf35d1adf6d9eb016c6e4090b86da4ac260b0860412376b3865cea99a7c26392",
                "sha256:cf691447abda1b7d03c235f6dac6d0e0640812a705585c94e6d964ea0f199ec1",
                "sha256:d8195e6d2eb70cc91c4804a5f4ba7f2b22bc5cf2a36927014e87a2e835283493",
                "sha256:dbb10a72c00ebc0cbf0ab02c0ce8f032c698882c5380f563a13928d0bef62a57",
                "sha256:e0843da37beab537617818451ded3bf0cc2b96ff36542883aea81e4c6ed26ce4",
                "sha256:eea7271e420ba46dd2119fc1e3cb2a980b4f6728e19cd0a6f539e4972b61af41",
                "sha256:f1f7fa4dbd272a7c23ec6fbabac20b5cb494d6ff88376462d03d2dab2c0a5821",
                "sha256:f7eccf4ce0f33bbb2d790aa3e14e38540bfb7f46b89c59a9fad61d2f6c8c6da6",
                "sha256:fc0321b75d8fafe574b8030de762593061cf23fa3923b2248e9a109b015c541a"
            ],
            "index": "pypi",
            "version": "==1.5.0a1"
        },
        "levenshtein": {
            "hashes": [
                "sha256:023dffdde576639e48cab3cc835bfaf9c441df7a8e2829bf20104868db6e4f72",
                "sha256:04d338c9153ddf70a32f324cf9f902fe94a6da82122b8037ccde969d4cc0a94b",
                "sha256:06da6c47aa459c725ee90dab467cd2f66956c5f9a43ddb51a0fe2496960f1d3e",
                "sha256:0d997da10fdf1a82e208fd1b05aba40705ca3f053919c84d2e952141d33e3ab3",
                "sha256:11694c6f7119d68cc199ff3b1407560c0efb0cc49f288169f28b2e032ee03cda",
                "sha256:12bb3540e021c73c5d8796ecf8148afd441c4471731924a112bc31bc25abeabf",
                "sha256:13e87517ce788d71deaa73e37332a67c4085c13e58ea3a0218092d555d1872ce",
                "sha256:1dc54aeb02f38a36f16bca6b0f9d07462686d92716424d9a4a3fdd11f3624528",
                "sha256:20361f42f6e7efa5853f69a41a272e9ecb90da284bec4312e42b58fa42b9a752",
                "sha256:248348e94dee05c787b44f16533a366ec5bf8ba949c604ad0db69d0c872f3539",
                "sha256:267ad98befffeed90e73b8c644a297027adb81f61044843aeade7b4a44ccc7d7",
                "sha256:267bc6725506571fd3c03afcc871fa5cbf3d2cb6e4bd11043790fa60cbb0f8a4",
                "sha256:2d880a87aca186342bc2fe16b064c3ed434d2a0c170c419f23b4e00261a5340a",
                "sha256:2e2ed817fa682243ef2e8a2728fcd0f9352d4e5edd104db44862d0bb55c75a7e",
                "sha256:2e4fc4522f9bf73c6ab4cedec834783999b247312ec9e3d1435a5424ad5bc908",
                "sha256:309f134f3d42fa7df7efbbd7975f2331de8c36da3ebdb3fad59abae84268abba",
                "sha256:31aa08e8ddac402edd530aaf708ab085fea7299c499404989eabfde143377911",
                "sha256:35a603d952e9f286fe8053332862c8cff426f5d8a85ee962c3a0f597f4c463c4",
                "sha256:3824e9f75ec9f373fc8b4df23eae668918953487f5ff06db282ddcb3f9c802d2",
                "sha256:39e8a1866325b6d54de4e7d1bffffaf4b4c8cbf0988f47f0f2e929edfbeb870d",
                "sha256:3c13450450d537ec7ede3781be72d72db37cb131943148c8ada58b34e143fc6f",
                "sha256:40a5e38d0c3e488d1dca5dc9c2691c000764813d4006c243f2ebd39e0b331e95",
                "sha256:41e0e539638a27b5e90a5d46679375f93a1cb65cf06efe7c413cf76f71d3d467",
                "sha256:4217ae380f42f825862eb8e2f9beca627fe9ab613f36e206842c003bb1affafc",
                "sha256:43a06b0b492e0d936deff751ad4757786ba7cb5eee510d53b6dfe92c924ff733",
                "sha256:463fd7558f25c477c7e4a59af35c661e133473f62bb02ed2c07c9c95e1c2dc66",
                "sha256:47e6d66fe0110fd8e6efb1939d686099170c27b3ca838eab0c215f0781f05f06",
                "sha256:4a6cd85ac5f7800e8127b3194fa02c59be735b6bdfe55b8516d094652235e038",
                "sha256:50fbe01be99554f644657c32a9e3085369d23e8ccc540d855c683947d3b48b67",
                "sha256:58eaab403b77e62e096cbcbaf61728c8736f9f7a3e36a58fb663461e5d70144f",
                "sha256:59e5054c9dea821840af4623a4059c8f0ae56548a5eae8b9c7aaa0b3f1e33340",
                "sha256:5a10fc3be2bfb05b03b868d462941e4099b680b7f358a90b8c6d7d5946e9e97c",
                "sha256:5acb7e84ccd619dcff6e04928fa8d8cc24f55bb2c9cdfe96620ed85b0a82a7c7",
                "sha256:5da0e2dbddb98da890fb779823df991ad50f184b3d986b8c68784eecbb087f01",
                "sha256:622bc670b906c4bf219755625e9fa704ff07c561a90f1aa35f3f2d8ecd3ec088",
                "sha256:62dca15301bdba4ec7fcf53c39dd8d9c198194990cf035def3f47b7cb9c3213e",
                "sha256:656c70814280c4002af89112f1457b6ad24c42dfba58dcb2047a249ae8ccdd04",
                "sha256:675ba3afaa9e8ec393eb1eeee651697036e8391be54e6c28eae4bfdff4d5e64e",
                "sha256:6833f8cefb96b8ccac457ad421866a74f4de973e7001699fcbbbe9ccb59a5c66",
                "sha256:69a430ab564d286f309c19f7abed34fce9c144f39f984c609ee690dd175cc421",
                "sha256:6c08879d0cf761cd750e976fda67bcc23cf1e485eaa030942e6628b876f4c6d8",
                "sha256:6ed8f99e4e4ba8a43bb4fe0255606724f22069405fa1e3be679a2d90f74770e5",
                "sha256:72b0b84adc52f4cf970a1bb276e76e115b30d693d6dbcd25fca0bcee85ca7cc7",
                "sha256:78d0fb5faef0413864c1b593e5261a840eaa47842b0fa4af7be4c09d90b24a14",
                "sha256:79259b10f105f78853210d8769cf77ca55dac8c368dca33b4c10ffa8965e2543",
                "sha256:7d7e00e8cb45981386df9d3f99073ba7de59bdb739069766b32906421bb1026b",
                "sha256:832951ad7b5ee0df8152f239a9fc602322da055264459dcf4d50d3ed68e68045",
                "sha256:863d507cba67de2fa66d5501ed1bc5029363d2b393662ac7d740dd0330c66aba",
                "sha256:87edb05fc6e4eb14008433f02e89815a756fe4ecc32d7180bb757f26e4161e06",
                "sha256:8d01425bd54c482ccbbc6d953633450a2bdbb7d12450d9eeba6073a6d0f06a3c",
                "sha256:918f2e0f590cacb30edb88e7eccbf71b340d5f080c9e69009f1f00dc24810a67",
                "sha256:91dca7085aa358da71fa50682fc8ff7e21365c99ef17dc1962a7bbf488003528",
                "sha256:938581ba87b306675bc41e21c2b2822a9eb83fb1a0e4a4903b7398d7845b22e3",
                "sha256:9437c2342937decf3cf5ac79d0b9497734897c0a09dc813378c97f2916b7aa76",
                "sha256:94a6ffd7257d12c64de34bc9f801a211e2daa624ec276305f8c67963a9896efa",
                "sha256:952e72f173a65f271dfee102b5571004b6594d4f199864ddead77115a2c147fd",
                "sha256:9546ded45fb3cf8773ade9c91de164c6cb2cb4927516289abd422a262e81906c",
                "sha256:9817dca597abde9fc9571d56a7eca8bd667e9dfc0867b190f1e8b43ce4fde761",
                "sha256:9a8d60084e1c9e87ae247c601e331708de09ed23219b5e39af7c8e9115ab8152",
                "sha256:9bcb3abbe97975cc6a97baf24a3b6e0491472ecedbc0247a41eb2c8d73ecde5d",
                "sha256:9dda976c1dae2a0b41a109facc48d1d242c7acb30ab4c04d8421496da6e153aa",
                "sha256:9e96217a7c6a7d43071c830b1353a3ee669757ae477673f0fd3e3a97def6d410",
                "sha256:a0fa251b3b4c561d2f650d9a61fb8980815492bb088a0a521236995a1872e171",
                "sha256:a1cd48db3d03adb88bf71b45de77b9720f96d3b9d5ab7a32304352baec482689",
                "sha256:a51974fcb8a94284325cb88b474b76227532a25b035938a46167bebd1646718e",
                "sha256:aee4f570652ad77961e5ab871d11fd42752e7d2117b08324a0c8801a7ee0a7c5",
                "sha256:b2410469cc8fd0f42aa00e63063c42f8aff501996cd5424a5c904739bdaaf4fe",
                "sha256:b33e2cbaca6f7d01092a28711605568dbc08a3bb7b796d8986bf5d0d651a0b09",
                "sha256:bff4f236d1b6c556a77975812a4d51071181721f3a29c08b42e5c4aa11730957",
                "sha256:c37609f4e460e570810ec5176c5cdf91c494a9979638f7fef5fd345597245d17",
                "sha256:c8126d2b51621483823c6e31d16bc1f5a964ae976aab4f241bbe74ed19d93770",
                "sha256:c89a5ac319a80c131ca8d499ae0f7a91d4dd1dc3b2e9d8b095e991597b79c8f9",
                "sha256:c9a072cb0f6e90092c4323cd7731eb539a79ac360045dbe3cc49a123ba381fc5",
                "sha256:ca992783feaf1d6e25403340157fb584cf71371b094a575134393bba10b974fa",
                "sha256:cc8eb12c48598b20b4b99128bc2bd62974dfb65204ceb37807480788b1e66e64",
                "sha256:ccd0b89300a25decdb34d7c4efe2a971438015f552eeb416b8da12918cb3edc0",
                "sha256:cdba9f8a7a98b0c4c0bc004b811fb31a96521cd264aeb5375898478e7703de4d",
                "sha256:d17c2ee8aa380c012b3ba015b87502934662c51b7609ef17366c76863e9551d6",
                "sha256:d3f855669e1399597f7a2670310cf20fc04a35c6c446dd70320398e9aa481b3d",
                "sha256:d4bf11b89d8d7a7707ae5cac1ef86ac4ff78491482df037289470db8f0378043",
                "sha256:d66d8f3ebde14840a310a557c8f69eed3e153f2477747365355d058208eea515",
                "sha256:d83b8c0ce41e410af143bd3abef94e480d143fdb83e60a01bab9069bf565dada",
                "sha256:dcc712696d4332962ecab6e4df40d5126d7379c6612e6058ee2e9d3f924387e3",
                "sha256:e4c2fe1f49f1d8476fe44e243569d775c5454dca70a13be568430d2d2d760ea2",
                "sha256:e701b9dfb121faf71b0c5757485fc49e1b511b7b8a80034aa1f580488f8f872e",
                "sha256:e8ab4d5acdd3ac17161539d9f2ea764497dc269dcd8dc722ae4a394c7b64ae7f",
                "sha256:ea042ba262ea2a95d93c4d2d5879df956cf6c85ce22c037e3f0d4491182f10c5",
                "sha256:ed73d619e203aad54e2e6119a2b58b7568a36bd50a547817d13618ea0acf4412",
                "sha256:edac6490f84e8a0456cb40f6729d4199311ce50ca0ea4958572e1b7ea99f546c",
                "sha256:ee847d3e49870e914074fd31c069a1aaba6f71bee650d41de48e7e4b11671bf0",
                "sha256:eea308d98c64dbea48ac351011c4adf66acd936c4de2bf9955826ba8435197e2",
                "sha256:eec8a1eaaeadc217c15bc77d01bb29e146acdae73a0b2e9df1ad162263c9752e",
                "sha256:ef365ec78938597623d4fb96c8b0db423ab484fcfc00fae44c34b738b1eb1924",
                "sha256:f00495a80c5850466f0a57ea874761f78079702e28b63a1b6573ad254f828e44",
                "sha256:f0e51ff6d5665884b0e39b4ae0ef4e2d2d0174147147db7a870ddc4123882212",
                "sha256:f282711a220d1bdf245da508e1fefdf7680d1f7482a094e37465674a7e6985ae",
                "sha256:f30474b2906301594c8fb64cb7492c6978290c466a717c4b5316887a18b77af5",
                "sha256:f4f187f0929a35b6ddabc1324161e8c73ddbd4a7747249f10ec9ceaa793e904f",
                "sha256:f5a1f28b34a15dd2d67bcc324f6661df8cfe66d6ec7ee7a64e921af8ae4c39b7",
                "sha256:f5f7ce639bea0f5e95a1f71963624b85521a39928a2a1bb0e66f6180facf5969",
                "sha256:f9e3a5f4386c8f1811153f309a0ba3dc47d17e81a6dd29aa22d3e10212a2fd73",
                "sha256:ffa6762f8ef1e7dfba101babe43de6edc541cbe64d33d816314ac67cd76c3979"
            ],
            "index": "pypi",
            "version": "==0.21.1"
        },
        "oauthlib": {
            "hashes": [
                "sha256:8139f29aac13e25d502680e9e19963e83f16838d48a0d71c287fe40e7067fbca",
                "sha256:9859c40929662bec5d64f34d01c99e093149682a3f38915dc0655d5a633dd918"
            ],
            "markers": "python_version >= '3.6'",
            "version": "==3.2.2"
        },
        "protobuf": {
            "hashes": [
                "sha256:06280093f862e73f624d7538b0db5d342a78116e8fb876b1dc699e8ce5d90265",
                "sha256:25a65704e122b4589a423d4af5374ad65881289d19cadc3a6e157a7f8dea664c",
                "sha256:2f7cf60858c65806aeba3c0479f4863b27f34e3728c03e35e570961754e0fea8",
                "sha256:39bb39f425c15cd017cb3672625045c6b1a9d182d2ed3aa2c861327a7dbc54af",
                "sha256:423b786af8b3869b4e14ab24f8e9bb6933e9d3fa2625edd63088068de4b418fe",
                "sha256:5c33a4e5f68b09151b48f80fafd58958666fab1a9cbdd2619b276de96ed7c1b4",
                "sha256:7b2bfec7cee18828ba19be39c50aa14fddbc4d9669ffee52035f73f558b1fdbf",
                "sha256:886a2030bb38a73786bfbb17a1899b51f655e1b0a57a0217eb7c7e2d26573743",
                "sha256:955d924b731f1b4368375b745224448aebb0e8bd1f084fe65de69041f9393f58",
                "sha256:9aed8c8bc6a3786b834671d18a5a04e2a28a53f73e878100826b74b3682b27d7",
                "sha256:ab48987d6b0acb4a109b606628f8628271491b25916eaf333647d6370685e791",
                "sha256:ca898e20c9e096c58a7fc8056d3a56a58182c8cc4a85124603e678c566ac3374",
                "sha256:f0b6996a69e98333689d39299a76b25b92ecc48b7a986b459532d5f2f43a9b78"
            ],
            "markers": "python_full_version >= '3.7.0'",
            "version": "==4.24.0rc2"
        },
        "pyasn1": {
            "hashes": [
                "sha256:87a2121042a1ac9358cabcaf1d07680ff97ee6404333bacca15f76aa8ad01a57",
                "sha256:97b7290ca68e62a832558ec3976f15cbf911bf5d7c7039d8b861c2a0ece69fde"
            ],
            "markers": "python_version >= '2.7' and python_version not in '3.0, 3.1, 3.2, 3.3, 3.4, 3.5'",
            "version": "==0.5.0"
        },
        "pyasn1-modules": {
            "hashes": [
                "sha256:5bd01446b736eb9d31512a30d46c1ac3395d676c6f3cafa4c03eb54b9925631c",
                "sha256:d3ccd6ed470d9ffbc716be08bd90efbd44d0734bc9303818f7336070984a162d"
            ],
            "markers": "python_version >= '2.7' and python_version not in '3.0, 3.1, 3.2, 3.3, 3.4, 3.5'",
            "version": "==0.3.0"
        },
        "pyparsing": {
            "hashes": [
                "sha256:d554a96d1a7d3ddaf7183104485bc19fd80543ad6ac5bdb6426719d766fb06c1",
                "sha256:edb662d6fe322d6e990b1594b5feaeadf806803359e3d4d42f11e295e588f0ea"
            ],
            "markers": "python_version >= '3.1'",
            "version": "==3.1.0"
        },
        "python-dateutil": {
            "hashes": [
                "sha256:0123cacc1627ae19ddf3c27a5de5bd67ee4586fbdd6440d9748f8abb483d3e86",
                "sha256:961d03dc3453ebbc59dbdea9e4e11c5651520a876d0f4db161e8674aae935da9"
            ],
            "index": "pypi",
            "version": "==2.8.2"
        },
        "pytz": {
            "hashes": [
                "sha256:1d8ce29db189191fb55338ee6d0387d82ab59f3d00eac103412d64e0ebd0c588",
                "sha256:a151b3abb88eda1d4e34a9814df37de2a80e301e68ba0fd856fb9b46bfbbbffb"
            ],
            "version": "==2023.3"
        },
        "rapidfuzz": {
            "hashes": [
                "sha256:017a8b5c96665426977df7e55c2e80b4177a918c802fceb6aaa31d89c7dad961",
                "sha256:090bd5976d2af005c143fac5364af7eb6b71831a708031983dd78867070517d0",
                "sha256:09bb9c0a7006ad6782a3ff1a50843b80551a771ad6736d66943acd3dcb68030b",
                "sha256:0a44d6bd5b4b510d5bfa64363d888070fedf55d7044564e9685fc9b6572a9fa5",
                "sha256:0bef51399bb733fe7a464183c35ceba092b6e06aeee6fbf52d8759e7f2bed263",
                "sha256:0d4b09c39125b5f21c62a6e08e6649fed6951ffc76a0a7e56c7b29e234002721",
                "sha256:0df7736854b85ee1bfa775e0cde33a1af16ef0f9127e11f1232bf125af6b038b",
                "sha256:105496b727923ea98e6a788becfd018e0da3510338f19d2c7b642775dcadcc2a",
                "sha256:15e3586077863d61bf948a0541c7d077ddf4b4ebc59aca1568514bc9a10b8172",
                "sha256:173378a1e9503e0239e422515c8dc4dcf70048070cb1d8301adc2722de1625ec",
                "sha256:178b32d806c62e4dfe1b19427af27547b565ded64f844d6d19203cede4f4f7ce",
                "sha256:178bb9e57d940f22a828ec916639268c3fd6ee1d45e1cefd7a7022645d816ce0",
                "sha256:1a392b4ca7bccd5e98e767305bb282d3effa466f52b8c803d7def812dd61775e",
                "sha256:1b1b2eab728efc239c8aab97b4821f8e10dcd5a1b066365d0e38023e3b2289e8",
                "sha256:24b84c09ad66c24fbaec0d1f72e74d0cb7ee86e8bf6429281c69377dba76ac67",
                "sha256:2510fc00b47a8355485b0014b49b58437594b48a0f08d557de7ea9819ef31967",
                "sha256:2bd27356081b0b5ea3164dc45945e56a9ff3aac89f6df83835852ed377e274a0",
                "sha256:2e03f99ffca1774ef1fe0bec473cb95a67af254ba03a2f3ff241581edb8b7954",
                "sha256:35219597d11f2d863b1bb774e98b6a0e1881d96033cf90b580b1d82192b5c809",
                "sha256:37238a2e8066e1573d2035906c77e58d4bbc5c50812bb667acb7975960260fed",
                "sha256:37aa3caedc3553d38076a9f90abf8e6affa35b6b3db2e06c414636a95dd646f2",
                "sha256:39943285af1b3884bfbf4d51376bce180f0456a5b04e766416c1af9a4b62b93a",
                "sha256:3ad583c2f6595f8c261bfdac1485449e900c580b4dff25ecec2abc13dde29447",
                "sha256:3bfeb47bc0be4b032462ba066b4198e79ef96a57a6bf5f6b64f1c63e5362000d",
                "sha256:3c764f61cbb999ee92ea4e46e81a1e09d75ad00433cd19e9622808134d619a1d",
                "sha256:3ca6fac652b195f8eff608b00c0c79889b7cb2984125abfbd14f6fb3f6effe25",
                "sha256:3d93e61486d3d4767e46b108e19586038ce4e8d374c719a1dc0b1077d6007a11",
                "sha256:3dbd9bf09ed895a01d1aca3d82b1ce3656d1b121650ee8d640e0e17ba24e9e31",
                "sha256:45131c2bf9b6c739ffde137e6c56af65786a17a53b0c6e6ca3bba762bb063a9a",
                "sha256:45c5e5d813569c4b613965bbfc7e5413615731aea9f932ea6f1854203ea52f9a",
                "sha256:45e639069ecdb2aa33a2dc4a2b4c30f0bc35067830dbe5786031121ae9ac9eb6",
                "sha256:47d532d6132d5fa40a3f1d3ea7c8752ca5e2ccf50a1aee5c5da16be7f04d8218",
                "sha256:493e00f8664ade67574cf0e7984f53bc1dbfd018b0a8102e326bee002acdcd3f",
                "sha256:4aec1e9d5416030f77de7e909af2645cc935e999da7e15d59d7e23b37a7a10ed",
                "sha256:4f97190786e089e7a413d20b6c3964981fb1e21d7580c094dde08dbb17fd1171",
                "sha256:5156692990dd9ddbd4734ff50c6b511c054aa660177fca64d214de57d54257a4",
                "sha256:5289d882afb7e1ec7c6d33493f7964cc75fbaf298dcc1e3fbb1f0039560ddc7d",
                "sha256:54a76e7b9093c99831bd5cc6513caf1689ec7d6e5123ec547444776fdf309592",
                "sha256:555053d9c4ed1ad7d0bf78617ec474ab436a7be94966e98de79cf226d7e9a341",
                "sha256:5a2e2203c4b7ecfe78a443810fcf2fcc1e1d96d59d3e704734e21b6f710df3f1",
                "sha256:5f1f6f18f23f2744a58b0d02f07d31f5fc104ba2e6c81fbb51ecd50e96a3374c",
                "sha256:6031a0985b0ecc72f3f9704efb4a2e7db77c315f732a953a13fb0900204c3047",
                "sha256:60332a597794c3b184d240c8306d6b2fc4e6fd4606c1186bb08af41986b827cd",
                "sha256:621ece875ea3150bee10605ec2be957055bddd23abafb981047fe7840027f1b0",
                "sha256:66fbe9d6764c92a26e3c1c391476ce29e99c5bf1b823051a2bbae4e1d23671be",
                "sha256:6ceaaa418e594438240bd287f093bca33c7ee3b6c40e8ce6a74ebdcc9f280f9d",
                "sha256:6e29be51831c5a839268cddfa895a4833dfe6541611759bdc485eb8ebdf0b310",
                "sha256:702a238fdc50d5d545f381d817f9141baff51d3014768286a07433a0790d33ce",
                "sha256:70bfe4be52b300973f16206ace8216b9a5607c89039f5ced1eb048a60e098624",
                "sha256:710e107a0977d53b29a68d89fef476fb378dc97cbbe81729f9e7dcc55c86c844",
                "sha256:7361a2879b827516203f61d12af8bbb7bea504d7b4d5c02a745bd6bb3fbd4326",
                "sha256:7553b67e575fe506fcc760f5ca3582185cb5599845ce27d63cd653a37fede925",
                "sha256:77a3724f13fbc3ef867012f353d064459f618918f74a3276bffdb523e39350c9",
                "sha256:785e330257b5d6ad1b59334d5af2253fccee6f921feb85e8e18662479f29be4f",
                "sha256:7a88342b03c6c41b0ee8f5504d3a30bf47070f87b8bcfc63290e908ff0a212f5",
                "sha256:85a85d2a9e8c7af690fe4056c1e48ce641a77cf48688751ff95c86f2a44fc5ec",
                "sha256:8be1910ff15bc5f22ac5fadcd3f0877a6eb9eba40f2d17303e8cd898d36f49f5",
                "sha256:93c004f0656d683ea69f8b6e41cd14313b94e9d108529c9dca4a9e864d5dac48",
                "sha256:94af8500ec952154144f54918d150f04bd2e520c94a27bdd186f57323b0b7b5b",
                "sha256:a45faa1a24fd3e078567ee31b953fe6e5819e9286a14f68c72c5689f14242f68",
                "sha256:a7c41b1ab1532993d203eda9ab82bb8b7269717a7dc424b05ba39f1e39be5ddc",
                "sha256:a996bf1859fb103ef34c24fe13d420714bbd4a43c50fa2cf44bb7d60b6060de3",
                "sha256:a9c0bdb945a8fc6cb8d661da3d3969dd0a26202d7c17adb896c393c12cce9d10",
                "sha256:a9dd80426417b07e3b86be44b7f7076086cd8290e1bbf1aa391f79e2807b1b8c",
                "sha256:afa9a09ff78e40b2372ce2d4acee44165d2f7db7e253d670db93fe8a5d4b00b9",
                "sha256:b5d3558e949f3de0081a5f6f8fa74a5a260ca9612e03be9cab8d7289c6bee8ad",
                "sha256:b6e847d7558255483b399b6931e425143f68b8e0c176d30034c36a87dda4b9a9",
                "sha256:b93f443705985f5d8c3594015caa2e89749875c9596c834dbc9f86d3c8331a5a",
                "sha256:b9abdadae018d7d7fa15e850d5c47ec5e45cf3796258d503986ce17ba4d8a71d",
                "sha256:ba1a336b41b71326b2ba735ce9d0b6b22c5160b23fddd9024e0717ead3e0bb90",
                "sha256:bbe026e4c8ce47d7f5b802b31e6a0cd35e402b80ff29fa9373ec5ece54629aff",
                "sha256:bd04785eaed247cc79149e1c0b01a4ca60efde6976e617231f5bb5ec84eb4c80",
                "sha256:be05b3fc71b5a92085b4017551b6e3e1c13199c762f82dea0c3fbbae86d24f66",
                "sha256:bfbf2e8923874379d035d08f38ef25595ab13a074605fc78b04c79ae3d6b6bdf",
                "sha256:c00b7ece60047c3e022e6769f98a343a300976764711ac354c71229f1185787e",
                "sha256:c0c15395d1763d89aea084d24564d0b6808988f05a0303d58dc633c27939fcb4",
                "sha256:c0ee0733a17e9cc920838b46c43bab43c0e2cee78f091d8c788b162088ffc552",
                "sha256:d30297b1ca6666db9171f500ac731e41d57fb5105d629b9115000d3e47cc5823",
                "sha256:d45a0c8043e3e543032475d334c4058070865bc75b162dd11959aeebe75dd27f",
                "sha256:ddf043aba44e951a6c8ff1addee57d9c3438f1ab3a7edd87ebc951621d8befda",
                "sha256:e05b0e3d1803071221eeea695a5a247f3b66f55c3d2e9c2a13ed33ccf67a3f30",
                "sha256:e7fc11a86be3df506149d1bf59e9b3edc818fbcada0a4786697b54707e6fc374",
                "sha256:e88af8e86fb011adc0221419a5615ed507a54cd74956b07345b8881d81a329e5",
                "sha256:eabb81ff00550d77e6a91b127f08a2e3feebc238596c37dad29dca4df4c212da",
                "sha256:ef867fa13f7f064200a41299a442d92180b178edd0fe81a1f5222739b2572249",
                "sha256:f0e128aa3dcc422c55d55de39dbbcce1401947c4215a5dcd36331151e8ee77ce",
                "sha256:f1b9e00ae857fdd6d52bd6d7e1b5598c54bcd0194f4626abfd2eb4e93a8dfebd",
                "sha256:f28e33a5940cbaec2095aab516423728aa11d93d01ab6574c304894abe71e007",
                "sha256:f3c69967ba33327e8e22a3a0ff3c22b3879ad0f885a097ff2a5c1fe7dbd8505f",
                "sha256:fa05dd24202001c2d9811cae12ed9942de240faff3cb37fc25ba2722026b7acb",
                "sha256:fa439e73f8aa4f66e89fbc2bce6b2ae882d75ea4e4d75e5e584376db4f5fd73a",
                "sha256:fa910442085e9e141259110e4a228f6a2860fa7bd85872707188f9ddd2479153"
            ],
            "markers": "python_full_version >= '3.7.0'",
            "version": "==3.1.2"
        },
        "regex": {
            "hashes": [
                "sha256:0385e73da22363778ef2324950e08b689abdf0b108a7d8decb403ad7f5191938",
                "sha256:051da80e6eeb6e239e394ae60704d2b566aa6a7aed6f2890a7967307267a5dc6",
                "sha256:05ed27acdf4465c95826962528f9e8d41dbf9b1aa8531a387dee6ed215a3e9ef",
                "sha256:0654bca0cdf28a5956c83839162692725159f4cda8d63e0911a2c0dc76166525",
                "sha256:09e4a1a6acc39294a36b7338819b10baceb227f7f7dbbea0506d419b5a1dd8af",
                "sha256:0b49c764f88a79160fa64f9a7b425620e87c9f46095ef9c9920542ab2495c8bc",
                "sha256:0b71e63226e393b534105fcbdd8740410dc6b0854c2bfa39bbda6b0d40e59a54",
                "sha256:0c29ca1bd61b16b67be247be87390ef1d1ef702800f91fbd1991f5c4421ebae8",
                "sha256:10590510780b7541969287512d1b43f19f965c2ece6c9b1c00fc367b29d8dce7",
                "sha256:10cb847aeb1728412c666ab2e2000ba6f174f25b2bdc7292e7dd71b16db07568",
                "sha256:12b74fbbf6cbbf9dbce20eb9b5879469e97aeeaa874145517563cca4029db65c",
                "sha256:20326216cc2afe69b6e98528160b225d72f85ab080cbdf0b11528cbbaba2248f",
                "sha256:2239d95d8e243658b8dbb36b12bd10c33ad6e6933a54d36ff053713f129aa536",
                "sha256:25be746a8ec7bc7b082783216de8e9473803706723b3f6bef34b3d0ed03d57e2",
                "sha256:271f0bdba3c70b58e6f500b205d10a36fb4b58bd06ac61381b68de66442efddb",
                "sha256:29cdd471ebf9e0f2fb3cac165efedc3c58db841d83a518b082077e612d3ee5df",
                "sha256:2d44dc13229905ae96dd2ae2dd7cebf824ee92bc52e8cf03dcead37d926da019",
                "sha256:3676f1dd082be28b1266c93f618ee07741b704ab7b68501a173ce7d8d0d0ca18",
                "sha256:36efeba71c6539d23c4643be88295ce8c82c88bbd7c65e8a24081d2ca123da3f",
                "sha256:3e5219bf9e75993d73ab3d25985c857c77e614525fac9ae02b1bebd92f7cecac",
                "sha256:43e1dd9d12df9004246bacb79a0e5886b3b6071b32e41f83b0acbf293f820ee8",
                "sha256:457b6cce21bee41ac292d6753d5e94dcbc5c9e3e3a834da285b0bde7aa4a11e9",
                "sha256:463b6a3ceb5ca952e66550a4532cef94c9a0c80dc156c4cc343041951aec1697",
                "sha256:4959e8bcbfda5146477d21c3a8ad81b185cd252f3d0d6e4724a5ef11c012fb06",
                "sha256:4d3850beab9f527f06ccc94b446c864059c57651b3f911fddb8d9d3ec1d1b25d",
                "sha256:5708089ed5b40a7b2dc561e0c8baa9535b77771b64a8330b684823cfd5116036",
                "sha256:5c6b48d0fa50d8f4df3daf451be7f9689c2bde1a52b1225c5926e3f54b6a9ed1",
                "sha256:61474f0b41fe1a80e8dfa70f70ea1e047387b7cd01c85ec88fa44f5d7561d787",
                "sha256:6343c6928282c1f6a9db41f5fd551662310e8774c0e5ebccb767002fcf663ca9",
                "sha256:65ba8603753cec91c71de423a943ba506363b0e5c3fdb913ef8f9caa14b2c7e0",
                "sha256:687ea9d78a4b1cf82f8479cab23678aff723108df3edeac098e5b2498879f4a7",
                "sha256:6b2675068c8b56f6bfd5a2bda55b8accbb96c02fd563704732fd1c95e2083461",
                "sha256:7117d10690c38a622e54c432dfbbd3cbd92f09401d622902c32f6d377e2300ee",
                "sha256:7178bbc1b2ec40eaca599d13c092079bf529679bf0371c602edaa555e10b41c3",
                "sha256:72d1a25bf36d2050ceb35b517afe13864865268dfb45910e2e17a84be6cbfeb0",
                "sha256:742e19a90d9bb2f4a6cf2862b8b06dea5e09b96c9f2df1779e53432d7275331f",
                "sha256:74390d18c75054947e4194019077e243c06fbb62e541d8817a0fa822ea310c14",
                "sha256:74419d2b50ecb98360cfaa2974da8689cb3b45b9deff0dcf489c0d333bcc1477",
                "sha256:824bf3ac11001849aec3fa1d69abcb67aac3e150a933963fb12bda5151fe1bfd",
                "sha256:83320a09188e0e6c39088355d423aa9d056ad57a0b6c6381b300ec1a04ec3d16",
                "sha256:837328d14cde912af625d5f303ec29f7e28cdab588674897baafaf505341f2fc",
                "sha256:841d6e0e5663d4c7b4c8099c9997be748677d46cbf43f9f471150e560791f7ff",
                "sha256:87b2a5bb5e78ee0ad1de71c664d6eb536dc3947a46a69182a90f4410f5e3f7dd",
                "sha256:890e5a11c97cf0d0c550eb661b937a1e45431ffa79803b942a057c4fb12a2da2",
                "sha256:8abbc5d54ea0ee80e37fef009e3cec5dafd722ed3c829126253d3e22f3846f1e",
                "sha256:8e3f1316c2293e5469f8f09dc2d76efb6c3982d3da91ba95061a7e69489a14ef",
                "sha256:8f56fcb7ff7bf7404becdfc60b1e81a6d0561807051fd2f1860b0d0348156a07",
                "sha256:9427a399501818a7564f8c90eced1e9e20709ece36be701f394ada99890ea4b3",
                "sha256:976d7a304b59ede34ca2921305b57356694f9e6879db323fd90a80f865d355a3",
                "sha256:9a5bfb3004f2144a084a16ce19ca56b8ac46e6fd0651f54269fc9e230edb5e4a",
                "sha256:9beb322958aaca059f34975b0df135181f2e5d7a13b84d3e0e45434749cb20f7",
                "sha256:9edcbad1f8a407e450fbac88d89e04e0b99a08473f666a3f3de0fd292badb6aa",
                "sha256:9edce5281f965cf135e19840f4d93d55b3835122aa76ccacfd389e880ba4cf82",
                "sha256:a4c3b7fa4cdaa69268748665a1a6ff70c014d39bb69c50fda64b396c9116cf77",
                "sha256:a8105e9af3b029f243ab11ad47c19b566482c150c754e4c717900a798806b222",
                "sha256:a99b50300df5add73d307cf66abea093304a07eb017bce94f01e795090dea87c",
                "sha256:aad51907d74fc183033ad796dd4c2e080d1adcc4fd3c0fd4fd499f30c03011cd",
                "sha256:af4dd387354dc83a3bff67127a124c21116feb0d2ef536805c454721c5d7993d",
                "sha256:b28f5024a3a041009eb4c333863d7894d191215b39576535c6734cd88b0fcb68",
                "sha256:b4598b1897837067a57b08147a68ac026c1e73b31ef6e36deeeb1fa60b2933c9",
                "sha256:b6192d5af2ccd2a38877bfef086d35e6659566a335b1492786ff254c168b1693",
                "sha256:b862c2b9d5ae38a68b92e215b93f98d4c5e9454fa36aae4450f61dd33ff48487",
                "sha256:b956231ebdc45f5b7a2e1f90f66a12be9610ce775fe1b1d50414aac1e9206c06",
                "sha256:bb60b503ec8a6e4e3e03a681072fa3a5adcbfa5479fa2d898ae2b4a8e24c4591",
                "sha256:bbb02fd4462f37060122e5acacec78e49c0fbb303c30dd49c7f493cf21fc5b27",
                "sha256:bdff5eab10e59cf26bc479f565e25ed71a7d041d1ded04ccf9aee1d9f208487a",
                "sha256:c123f662be8ec5ab4ea72ea300359023a5d1df095b7ead76fedcd8babbedf969",
                "sha256:c2b867c17a7a7ae44c43ebbeb1b5ff406b3e8d5b3e14662683e5e66e6cc868d3",
                "sha256:c5f8037000eb21e4823aa485149f2299eb589f8d1fe4b448036d230c3f4e68e0",
                "sha256:c6a57b742133830eec44d9b2290daf5cbe0a2f1d6acee1b3c7b1c7b2f3606df7",
                "sha256:ccf91346b7bd20c790310c4147eee6ed495a54ddb6737162a36ce9dbef3e4751",
                "sha256:cf67ca618b4fd34aee78740bea954d7c69fdda419eb208c2c0c7060bb822d747",
                "sha256:d2da3abc88711bce7557412310dfa50327d5769a31d1c894b58eb256459dc289",
                "sha256:d4f03bb71d482f979bda92e1427f3ec9b220e62a7dd337af0aa6b47bf4498f72",
                "sha256:d54af539295392611e7efbe94e827311eb8b29668e2b3f4cadcfe6f46df9c777",
                "sha256:d77f09bc4b55d4bf7cc5eba785d87001d6757b7c9eec237fe2af57aba1a071d9",
                "sha256:d831c2f8ff278179705ca59f7e8524069c1a989e716a1874d6d1aab6119d91d1",
                "sha256:dbbbfce33cd98f97f6bffb17801b0576e653f4fdb1d399b2ea89638bc8d08ae1",
                "sha256:dcba6dae7de533c876255317c11f3abe4907ba7d9aa15d13e3d9710d4315ec0e",
                "sha256:e0bb18053dfcfed432cc3ac632b5e5e5c5b7e55fb3f8090e867bfd9b054dbcbf",
                "sha256:e2fbd6236aae3b7f9d514312cdb58e6494ee1c76a9948adde6eba33eb1c4264f",
                "sha256:e5087a3c59eef624a4591ef9eaa6e9a8d8a94c779dade95d27c0bc24650261cd",
                "sha256:e8915cc96abeb8983cea1df3c939e3c6e1ac778340c17732eb63bb96247b91d2",
                "sha256:ea353ecb6ab5f7e7d2f4372b1e779796ebd7b37352d290096978fea83c4dba0c",
                "sha256:ee2d1a9a253b1729bb2de27d41f696ae893507c7db224436abe83ee25356f5c1",
                "sha256:f415f802fbcafed5dcc694c13b1292f07fe0befdb94aa8a52905bd115ff41e88",
                "sha256:fb5ec16523dc573a4b277663a2b5a364e2099902d3944c9419a40ebd56a118f9",
                "sha256:fea75c3710d4f31389eed3c02f62d0b66a9da282521075061ce875eb5300cf23"
            ],
            "index": "pypi",
            "version": "==2023.6.3"
        },
        "requests": {
            "hashes": [
                "sha256:58cd2187c01e70e6e26505bca751777aa9f2ee0b7f4300988b709f44e013003f",
                "sha256:942c5a758f98d790eaed1a29cb6eefc7ffb0d1cf7af05c3d2791656dbd6ad1e1"
            ],
            "markers": "python_full_version >= '3.7.0'",
            "version": "==2.31.0"
        },
        "requests-oauthlib": {
            "hashes": [
                "sha256:2577c501a2fb8d05a304c09d090d6e47c306fef15809d102b327cf8364bddab5",
                "sha256:75beac4a47881eeb94d5ea5d6ad31ef88856affe2332b9aafb52c6452ccf0d7a"
            ],
            "markers": "python_version >= '2.7' and python_version not in '3.0, 3.1, 3.2, 3.3'",
            "version": "==1.3.1"
        },
        "retrying": {
            "hashes": [
                "sha256:345da8c5765bd982b1d1915deb9102fd3d1f7ad16bd84a9700b85f64d24e8f3e",
                "sha256:8cc4d43cb8e1125e0ff3344e9de678fefd85db3b750b81b2240dc0183af37b35"
            ],
            "index": "pypi",
            "version": "==1.3.4"
        },
        "rsa": {
            "hashes": [
                "sha256:90260d9058e514786967344d0ef75fa8727eed8a7d2e43ce9f4bcf1b536174f7",
                "sha256:e38464a49c6c85d7f1351b0126661487a7e0a14a50f1675ec50eb34d4f20ef21"
            ],
            "markers": "python_version >= '3.6' and python_version < '4'",
            "version": "==4.9"
        },
        "six": {
            "hashes": [
                "sha256:1e61c37477a1626458e36f7b1d82aa5c9b094fa4802892072e49de9c60c4c926",
                "sha256:8abb2f1d86890a2dfb989f9a77cfcfd3e47c2a354b01111771326f8aa26e0254"
            ],
            "markers": "python_version >= '2.7' and python_version not in '3.0, 3.1, 3.2, 3.3'",
            "version": "==1.16.0"
        },
        "tzlocal": {
            "hashes": [
                "sha256:46eb99ad4bdb71f3f72b7d24f4267753e240944ecfc16f25d2719ba89827a803",
                "sha256:f3596e180296aaf2dbd97d124fe76ae3a0e3d32b258447de7b939b3fd4be992f"
            ],
            "index": "pypi",
            "version": "==5.0.1"
        },
        "uritemplate": {
            "hashes": [
                "sha256:4346edfc5c3b79f694bccd6d6099a322bbeb628dbf2cd86eea55a456ce5124f0",
                "sha256:830c08b8d99bdd312ea4ead05994a38e8936266f84b9a7878232db50b044e02e"
            ],
            "markers": "python_version >= '3.6'",
            "version": "==4.1.1"
        },
        "urllib3": {
            "hashes": [
                "sha256:8d36afa7616d8ab714608411b4a3b13e58f463aee519024578e062e141dce20f",
                "sha256:8f135f6502756bde6b2a9b28989df5fbe87c9970cecaa69041edcce7f0589b14"
            ],
            "markers": "python_version >= '2.7' and python_version not in '3.0, 3.1, 3.2, 3.3, 3.4, 3.5'",
            "version": "==1.26.16"
        }
    },
    "develop": {}
}
