{
    "_meta": {
        "hash": {
            "sha256": "6862b85b581766e5bf2e60dc4fd1e1de85289a102a965a511013d02d13504a45"
        },
        "pipfile-spec": 6,
        "requires": {
            "python_version": "3.10"
        },
        "sources": [
            {
                "name": "pypi",
                "url": "https://pypi.org/simple",
                "verify_ssl": true
            }
        ]
    },
    "default": {
        "cachetools": {
            "hashes": [
                "sha256:95ef631eeaea14ba2e36f06437f36463aac3a096799e876ee55e5cdccb102590",
                "sha256:dce83f2d9b4e1f732a8cd44af8e8fab2dbe46201467fc98b3ef8f269092bf62b"
            ],
            "markers": "python_version >= '3.7'",
            "version": "==5.3.1"
        },
        "certifi": {
            "hashes": [
                "sha256:539cc1d13202e33ca466e88b2807e29f4c13049d6d87031a3c110744495cb082",
                "sha256:92d6037539857d8206b8f6ae472e8b77db8058fec5937a1ef3f54304089edbb9"
            ],
            "markers": "python_version >= '3.6'",
            "version": "==2023.7.22"
        },
        "charset-normalizer": {
            "hashes": [
                "sha256:04e57ab9fbf9607b77f7d057974694b4f6b142da9ed4a199859d9d4d5c63fe96",
                "sha256:09393e1b2a9461950b1c9a45d5fd251dc7c6f228acab64da1c9c0165d9c7765c",
                "sha256:0b87549028f680ca955556e3bd57013ab47474c3124dc069faa0b6545b6c9710",
                "sha256:1000fba1057b92a65daec275aec30586c3de2401ccdcd41f8a5c1e2c87078706",
                "sha256:1249cbbf3d3b04902ff081ffbb33ce3377fa6e4c7356f759f3cd076cc138d020",
                "sha256:1920d4ff15ce893210c1f0c0e9d19bfbecb7983c76b33f046c13a8ffbd570252",
                "sha256:193cbc708ea3aca45e7221ae58f0fd63f933753a9bfb498a3b474878f12caaad",
                "sha256:1a100c6d595a7f316f1b6f01d20815d916e75ff98c27a01ae817439ea7726329",
                "sha256:1f30b48dd7fa1474554b0b0f3fdfdd4c13b5c737a3c6284d3cdc424ec0ffff3a",
                "sha256:203f0c8871d5a7987be20c72442488a0b8cfd0f43b7973771640fc593f56321f",
                "sha256:246de67b99b6851627d945db38147d1b209a899311b1305dd84916f2b88526c6",
                "sha256:2dee8e57f052ef5353cf608e0b4c871aee320dd1b87d351c28764fc0ca55f9f4",
                "sha256:2efb1bd13885392adfda4614c33d3b68dee4921fd0ac1d3988f8cbb7d589e72a",
                "sha256:2f4ac36d8e2b4cc1aa71df3dd84ff8efbe3bfb97ac41242fbcfc053c67434f46",
                "sha256:3170c9399da12c9dc66366e9d14da8bf7147e1e9d9ea566067bbce7bb74bd9c2",
                "sha256:3b1613dd5aee995ec6d4c69f00378bbd07614702a315a2cf6c1d21461fe17c23",
                "sha256:3bb3d25a8e6c0aedd251753a79ae98a093c7e7b471faa3aa9a93a81431987ace",
                "sha256:3bb7fda7260735efe66d5107fb7e6af6a7c04c7fce9b2514e04b7a74b06bf5dd",
                "sha256:41b25eaa7d15909cf3ac4c96088c1f266a9a93ec44f87f1d13d4a0e86c81b982",
                "sha256:45de3f87179c1823e6d9e32156fb14c1927fcc9aba21433f088fdfb555b77c10",
                "sha256:46fb8c61d794b78ec7134a715a3e564aafc8f6b5e338417cb19fe9f57a5a9bf2",
                "sha256:48021783bdf96e3d6de03a6e39a1171ed5bd7e8bb93fc84cc649d11490f87cea",
                "sha256:4957669ef390f0e6719db3613ab3a7631e68424604a7b448f079bee145da6e09",
                "sha256:5e86d77b090dbddbe78867a0275cb4df08ea195e660f1f7f13435a4649e954e5",
                "sha256:6339d047dab2780cc6220f46306628e04d9750f02f983ddb37439ca47ced7149",
                "sha256:681eb3d7e02e3c3655d1b16059fbfb605ac464c834a0c629048a30fad2b27489",
                "sha256:6c409c0deba34f147f77efaa67b8e4bb83d2f11c8806405f76397ae5b8c0d1c9",
                "sha256:7095f6fbfaa55defb6b733cfeb14efaae7a29f0b59d8cf213be4e7ca0b857b80",
                "sha256:70c610f6cbe4b9fce272c407dd9d07e33e6bf7b4aa1b7ffb6f6ded8e634e3592",
                "sha256:72814c01533f51d68702802d74f77ea026b5ec52793c791e2da806a3844a46c3",
                "sha256:7a4826ad2bd6b07ca615c74ab91f32f6c96d08f6fcc3902ceeedaec8cdc3bcd6",
                "sha256:7c70087bfee18a42b4040bb9ec1ca15a08242cf5867c58726530bdf3945672ed",
                "sha256:855eafa5d5a2034b4621c74925d89c5efef61418570e5ef9b37717d9c796419c",
                "sha256:8700f06d0ce6f128de3ccdbc1acaea1ee264d2caa9ca05daaf492fde7c2a7200",
                "sha256:89f1b185a01fe560bc8ae5f619e924407efca2191b56ce749ec84982fc59a32a",
                "sha256:8b2c760cfc7042b27ebdb4a43a4453bd829a5742503599144d54a032c5dc7e9e",
                "sha256:8c2f5e83493748286002f9369f3e6607c565a6a90425a3a1fef5ae32a36d749d",
                "sha256:8e098148dd37b4ce3baca71fb394c81dc5d9c7728c95df695d2dca218edf40e6",
                "sha256:94aea8eff76ee6d1cdacb07dd2123a68283cb5569e0250feab1240058f53b623",
                "sha256:95eb302ff792e12aba9a8b8f8474ab229a83c103d74a750ec0bd1c1eea32e669",
                "sha256:9bd9b3b31adcb054116447ea22caa61a285d92e94d710aa5ec97992ff5eb7cf3",
                "sha256:9e608aafdb55eb9f255034709e20d5a83b6d60c054df0802fa9c9883d0a937aa",
                "sha256:a103b3a7069b62f5d4890ae1b8f0597618f628b286b03d4bc9195230b154bfa9",
                "sha256:a386ebe437176aab38c041de1260cd3ea459c6ce5263594399880bbc398225b2",
                "sha256:a38856a971c602f98472050165cea2cdc97709240373041b69030be15047691f",
                "sha256:a401b4598e5d3f4a9a811f3daf42ee2291790c7f9d74b18d75d6e21dda98a1a1",
                "sha256:a7647ebdfb9682b7bb97e2a5e7cb6ae735b1c25008a70b906aecca294ee96cf4",
                "sha256:aaf63899c94de41fe3cf934601b0f7ccb6b428c6e4eeb80da72c58eab077b19a",
                "sha256:b0dac0ff919ba34d4df1b6131f59ce95b08b9065233446be7e459f95554c0dc8",
                "sha256:baacc6aee0b2ef6f3d308e197b5d7a81c0e70b06beae1f1fcacffdbd124fe0e3",
                "sha256:bf420121d4c8dce6b889f0e8e4ec0ca34b7f40186203f06a946fa0276ba54029",
                "sha256:c04a46716adde8d927adb9457bbe39cf473e1e2c2f5d0a16ceb837e5d841ad4f",
                "sha256:c0b21078a4b56965e2b12f247467b234734491897e99c1d51cee628da9786959",
                "sha256:c1c76a1743432b4b60ab3358c937a3fe1341c828ae6194108a94c69028247f22",
                "sha256:c4983bf937209c57240cff65906b18bb35e64ae872da6a0db937d7b4af845dd7",
                "sha256:c4fb39a81950ec280984b3a44f5bd12819953dc5fa3a7e6fa7a80db5ee853952",
                "sha256:c57921cda3a80d0f2b8aec7e25c8aa14479ea92b5b51b6876d975d925a2ea346",
                "sha256:c8063cf17b19661471ecbdb3df1c84f24ad2e389e326ccaf89e3fb2484d8dd7e",
                "sha256:ccd16eb18a849fd8dcb23e23380e2f0a354e8daa0c984b8a732d9cfaba3a776d",
                "sha256:cd6dbe0238f7743d0efe563ab46294f54f9bc8f4b9bcf57c3c666cc5bc9d1299",
                "sha256:d62e51710986674142526ab9f78663ca2b0726066ae26b78b22e0f5e571238dd",
                "sha256:db901e2ac34c931d73054d9797383d0f8009991e723dab15109740a63e7f902a",
                "sha256:e03b8895a6990c9ab2cdcd0f2fe44088ca1c65ae592b8f795c3294af00a461c3",
                "sha256:e1c8a2f4c69e08e89632defbfabec2feb8a8d99edc9f89ce33c4b9e36ab63037",
                "sha256:e4b749b9cc6ee664a3300bb3a273c1ca8068c46be705b6c31cf5d276f8628a94",
                "sha256:e6a5bf2cba5ae1bb80b154ed68a3cfa2fa00fde979a7f50d6598d3e17d9ac20c",
                "sha256:e857a2232ba53ae940d3456f7533ce6ca98b81917d47adc3c7fd55dad8fab858",
                "sha256:ee4006268ed33370957f55bf2e6f4d263eaf4dc3cfc473d1d90baff6ed36ce4a",
                "sha256:eef9df1eefada2c09a5e7a40991b9fc6ac6ef20b1372abd48d2794a316dc0449",
                "sha256:f058f6963fd82eb143c692cecdc89e075fa0828db2e5b291070485390b2f1c9c",
                "sha256:f25c229a6ba38a35ae6e25ca1264621cc25d4d38dca2942a7fce0b67a4efe918",
                "sha256:f2a1d0fd4242bd8643ce6f98927cf9c04540af6efa92323e9d3124f57727bfc1",
                "sha256:f7560358a6811e52e9c4d142d497f1a6e10103d3a6881f18d04dbce3729c0e2c",
                "sha256:f779d3ad205f108d14e99bb3859aa7dd8e9c68874617c72354d7ecaec2a054ac",
                "sha256:f87f746ee241d30d6ed93969de31e5ffd09a2961a051e60ae6bddde9ec3583aa"
            ],
            "markers": "python_full_version >= '3.7.0'",
            "version": "==3.2.0"
        },
        "configargparse": {
            "hashes": [
                "sha256:d249da6591465c6c26df64a9f73d2536e743be2f244eb3ebe61114af2f94f86b",
                "sha256:e7067471884de5478c58a511e529f0f9bd1c66bfef1dea90935438d6c23306d1"
            ],
            "index": "pypi",
            "version": "==1.7"
        },
        "dateutils": {
            "hashes": [
                "sha256:03dd90bcb21541bd4eb4b013637e4f1b5f944881c46cc6e4b67a6059e370e3f1",
                "sha256:f33b6ab430fa4166e7e9cb8b21ee9f6c9843c48df1a964466f52c79b2a8d53b3"
            ],
            "index": "pypi",
            "version": "==0.6.12"
        },
        "google-api-core": {
            "hashes": [
                "sha256:2c0aef5991f0d723ec0a6ad025f8ee2a726ecf6ca8a005e8f42c9f04f76af76f",
                "sha256:eabb81f1f463b1e35a4712cdb7b8ff3004b86e0ade51aac674b7fd79f664c116"
            ],
            "markers": "python_version >= '3.7'",
            "version": "==2.12.0rc1"
        },
        "google-api-python-client": {
            "hashes": [
                "sha256:226ca35355993d6182506c51745ab5149405cdf6a92975b2725ab3e0d757dbe9",
                "sha256:eaed50efc2f8a4027dcca8fd0037f4b1b03b8093efc84ce3cb6c75bfc79a7e31"
            ],
            "index": "pypi",
            "version": "==2.100.0"
        },
        "google-auth": {
            "hashes": [
                "sha256:2cec41407bd1e207f5b802638e32bb837df968bb5c05f413d0fa526fac4cf7a7",
                "sha256:753a26312e6f1eaeec20bc6f2644a10926697da93446e1f8e24d6d32d45a922a"
            ],
            "index": "pypi",
            "version": "==2.23.0"
        },
        "google-auth-httplib2": {
            "hashes": [
                "sha256:42c50900b8e4dcdf8222364d1f0efe32b8421fb6ed72f2613f12f75cc933478c",
                "sha256:c64bc555fdc6dd788ea62ecf7bccffcf497bf77244887a3f3d7a5a02f8e3fc29"
            ],
            "version": "==0.1.1"
        },
        "google-auth-oauthlib": {
            "hashes": [
                "sha256:089c6e587d36f4803ac7e0720c045c6a8b1fd1790088b8424975b90d0ee61c12",
                "sha256:83ea8c3b0881e453790baff4448e8a6112ac8778d1de9da0b68010b843937afb"
            ],
            "index": "pypi",
            "version": "==1.1.0"
        },
        "googleapis-common-protos": {
            "hashes": [
                "sha256:69f9bbcc6acde92cab2db95ce30a70bd2b81d20b12eff3f1aabaffcbe8a93918",
                "sha256:e73ebb404098db405ba95d1e1ae0aa91c3e15a71da031a2eeb6b2e23e7bc3708"
            ],
            "markers": "python_version >= '3.7'",
            "version": "==1.60.0"
        },
        "httplib2": {
            "hashes": [
                "sha256:14ae0a53c1ba8f3d37e9e27cf37eabb0fb9980f435ba405d546948b009dd64dc",
                "sha256:d7a10bc5ef5ab08322488bde8c726eeee5c8618723fdb399597ec58f3d82df81"
            ],
            "markers": "python_version >= '2.7' and python_version not in '3.0, 3.1, 3.2, 3.3'",
            "version": "==0.22.0"
        },
        "idna": {
            "hashes": [
                "sha256:814f528e8dead7d329833b91c5faa87d60bf71824cd12a7530b5526063d02cb4",
                "sha256:90b77e79eaa3eba6de819a0c442c0b4ceefc341a7a2ab77d7562bf49f425c5c2"
            ],
            "markers": "python_version >= '3.5'",
            "version": "==3.4"
        },
        "jq": {
            "hashes": [
                "sha256:022be104a548f7fbddf103ce749937956df9d37a4f2f1650396dacad73bce7ee",
                "sha256:02da59230912b886ed45489f3693ce75877f3e99c9e490c0a2dbcf0db397e0df",
                "sha256:0893d1590cfa6facaf787cc6c28ac51e47d0d06a303613f84d4943ac0ca98e32",
                "sha256:08ded6467f4ef89fec35b2bf310f210f8cd13fbd9d80e521500889edf8d22441",
                "sha256:09262d0e0cafb03acc968622e6450bb08abfb14c793bab47afd2732b47c655fd",
                "sha256:132e41f6e988c42b91c04b1b60dd8fa185a5c0681de5438ea1e6c64f5329768c",
                "sha256:138d56c7efc8bb162c1cfc3806bd6b4d779115943af36c9e3b8ca644dde856c2",
                "sha256:15cf9dd3e7fb40d029f12f60cf418374c0b830a6ea6267dd285b48809069d6af",
                "sha256:165bfbe29bf73878d073edf75f384b7da8a9657ba0ab9fb1e5fe6be65ab7debb",
                "sha256:18a700f55b7ef83a1382edf0a48cb176b22bacd155e097375ef2345ff8621d97",
                "sha256:1b332dfdf0d81fb7faf3d12aabf997565d7544bec9812e0ac5ee55e60ef4df8c",
                "sha256:1b3b95d5fd20e51f18a42647fdb52e5d8aaf150b7a666dd659cf282a2221ee3f",
                "sha256:1d5a7f31f779e1aa3d165eaec237d74c7f5728227e81023a576c939ba3da34f8",
                "sha256:201c6384603aec87a744ad7b393cc4f1c58ece23d6e0a6c216a47bfcc405d231",
                "sha256:206391ac5b2eb556720b94f0f131558cbf8d82d8cc7e0404e733eeef48bcd823",
                "sha256:22495573d8221320d3433e1aeded40132bd8e1726845629558bd73aaa66eef7b",
                "sha256:227b178b22a7f91ae88525810441791b1ca1fc71c86f03190911793be15cec3d",
                "sha256:316affc6debf15eb05b7fd8e84ebf8993042b10b840e8d2a504659fb3ba07992",
                "sha256:35090fea1283402abc3a13b43261468162199d8b5dcdaba2d1029e557ed23070",
                "sha256:3a4f6ef8c0bd19beae56074c50026665d66345d1908f050e5c442ceac2efe398",
                "sha256:3a8d98f72111043e75610cad7fa9ec5aec0b1ee2f7332dc7fd0f6603ea8144f8",
                "sha256:487483f10ae8f70e6acf7723f31b329736de4b421ce56b2f43b46d5cbd7337b0",
                "sha256:49dbe0f003b411ca52b5d0afaf09cad8e430a1011181c86f2ef720a0956f31c1",
                "sha256:49e44ed677713f4115bd5bf2dbae23baa4cd503be350e12a1c1f506b0687848f",
                "sha256:4c1a6fae1b74b3e0478e281eb6addedad7b32421221ac685e21c1d49af5e997f",
                "sha256:5184c2fcca40f8f2ab1b14662721accf68b4b5e772e2f5336fec24aa58fe235a",
                "sha256:5773851cfb9ec6525f362f5bf7f18adab5c1fd1f0161c3599264cd0118c799da",
                "sha256:57e75c1563d083b0424690b3c3ef2bb519e670770931fe633101ede16615d6ee",
                "sha256:5f1533a2a15c42be3368878b4031b12f30441246878e0b5f6bedfdd7828cdb1f",
                "sha256:611f460f616f957d57e0da52ac6e1e6294b073c72a89651da5546a31347817bd",
                "sha256:6312237159e88e92775ea497e0c739590528062d4074544aacf12a08d252f966",
                "sha256:63db80b4803905a4f4f6c87a17aa1816c530f6262bc795773ebe60f8ab259092",
                "sha256:64bb4b305e2fabe5b5161b599bf934aceb0e0e7d3dd8f79246737ea91a2bc9ae",
                "sha256:64bc09ae6a9d9b82b78e15d142f90b816228bd3ee48833ddca3ff8c08e163fa7",
                "sha256:689429fe1e07a2d6041daba2c21ced3a24895b2745326deb0c90ccab9386e116",
                "sha256:68aec8534ac3c4705e524b4ef54f66b8bdc867df9e0af2c3895e82c6774b5374",
                "sha256:6e9016f5ba064fabc527adb609ebae1f27cac20c8e0da990abae1cfb12eca706",
                "sha256:711eabc5d33ef3ec581e0744d9cff52f43896d84847a2692c287a0140a29c915",
                "sha256:780eb6383fbae12afa819ef676fc93e1548ae4b076c004a393af26a04b460742",
                "sha256:7bb685f337cf5d4f4fe210c46220e31a7baec02a0ca0df3ace3dd4780328fc30",
                "sha256:7ea39f89aa469eb12145ddd686248916cd6d186647aa40b319af8444b1f45a2d",
                "sha256:8265f3badcd125f234e55dfc02a078c5decdc6faafcd453fde04d4c0d2699886",
                "sha256:8405d1c996c83711570f16aac32e3bf2c116d6fa4254a820276b87aed544d7e8",
                "sha256:85a697b3cdc65e787f90faa1237caa44c117b6b2853f21263c3f0b16661b192c",
                "sha256:872f322ff7bfd7daff41b7e8248d414a88722df0e82d1027f3b091a438543e63",
                "sha256:8aa67a304e58aa85c550ec011a68754ae49abe227b37d63a351feef4eea4c7a7",
                "sha256:944e081c328501ddc0a22a8f08196df72afe7910ca11e1a1f21244410dbdd3b3",
                "sha256:984f33862af285ad3e41e23179ac4795f1701822473e1a26bf87ff023e5a89ea",
                "sha256:9897931ea7b9a46f8165ee69737ece4a2e6dbc8e10ececb81f459d51d71401df",
                "sha256:9bc42ade4de77fe4370c0e8e105ef10ad1821ef74d61dcc70982178b9ecfdc72",
                "sha256:9f5a9c4185269a5faf395aa7ca086c7b02c9c8b448d542be3b899041d06e0970",
                "sha256:a3d8b075351c29653f29a1fec5d31bc88aa198a0843c0a9550b9be74d8fab33b",
                "sha256:a67154f150aaf76cc1294032ed588436eb002097dd4fd1e283824bf753a05080",
                "sha256:a758df4eae767a21ebd8466dfd0066d99c9741d9f7fd4a7e1d5b5227e1924af7",
                "sha256:aa22d24740276a8ce82411e4960ed2b5fab476230f913f9d9cf726f766a22208",
                "sha256:aa786a60bdd1a3571f092a4021dd9abf6c46798530fa99f19ecf4f0fceaa7eaf",
                "sha256:aba35b5cc07cd75202148e55f47ede3f4d0819b51c80f6d0c82a2ca47db07189",
                "sha256:b2c783288bf10e67aad321b58735e663f4975d7ddfbfb0a5bca8428eee283bde",
                "sha256:b7a164748dbd03bb06d23bab7ead7ba7e5c4fcfebea7b082bdcd21d14136931e",
                "sha256:bcf574f28809ec63b8df6456fdd4a981751b7466851e80621993b4e9d3e3c8ee",
                "sha256:bd158911ed5f5c644f557ad94d6424c411560632a885eae47d105f290f0109cb",
                "sha256:bdbbc509a35ee6082d79c1f25eb97c08f1c59043d21e0772cd24baa909505899",
                "sha256:c6c39b53d000d2f7f9f6338061942b83c9034d04f3bc99acae0867d23c9e7127",
                "sha256:c7711f0c913a826a00990736efa6ffc285f8ef433414516bb14b7df971d6c1ea",
                "sha256:c795f175b1a13bd716a0c180d062cc8e305271f47bbdb9eb0f0f62f7e4f5def4",
                "sha256:c7e768cf5c25d703d944ef81c787d745da0eb266a97768f3003f91c4c828118d",
                "sha256:ca7a2982ff26f4620ac03099542a0230dabd8787af3f03ac93660598e26acbf0",
                "sha256:ce628546c22792b8870b9815086f65873ebb78d7bf617b5a16dd839adba36538",
                "sha256:e1cb4751808b1d0dbddd37319e0c574fb0c3a29910d52ba35890b1343a1f1e59",
                "sha256:e2c1f429e644cb962e846a6157b5352c3c556fbd0b22bba9fc2fea0710333369",
                "sha256:ef5ddb76b03610df19a53583348aed3604f21d0ba6b583ee8d079e8df026cd47",
                "sha256:f42264fafc6166efb5611b5d4cb01058887d050a6c19334f6a3f8a13bb369df5",
                "sha256:f4eed167322662f4b7e65235723c54aa6879f6175b6f9b68bc24887549637ffb",
                "sha256:fd28f8395687e45bba56dc771284ebb6492b02037f74f450176c102f3f4e86a3"
            ],
            "index": "pypi",
            "version": "==1.6.0"
        },
        "levenshtein": {
            "hashes": [
                "sha256:023dffdde576639e48cab3cc835bfaf9c441df7a8e2829bf20104868db6e4f72",
                "sha256:04d338c9153ddf70a32f324cf9f902fe94a6da82122b8037ccde969d4cc0a94b",
                "sha256:06da6c47aa459c725ee90dab467cd2f66956c5f9a43ddb51a0fe2496960f1d3e",
                "sha256:0d997da10fdf1a82e208fd1b05aba40705ca3f053919c84d2e952141d33e3ab3",
                "sha256:11694c6f7119d68cc199ff3b1407560c0efb0cc49f288169f28b2e032ee03cda",
                "sha256:12bb3540e021c73c5d8796ecf8148afd441c4471731924a112bc31bc25abeabf",
                "sha256:13e87517ce788d71deaa73e37332a67c4085c13e58ea3a0218092d555d1872ce",
                "sha256:1dc54aeb02f38a36f16bca6b0f9d07462686d92716424d9a4a3fdd11f3624528",
                "sha256:20361f42f6e7efa5853f69a41a272e9ecb90da284bec4312e42b58fa42b9a752",
                "sha256:248348e94dee05c787b44f16533a366ec5bf8ba949c604ad0db69d0c872f3539",
                "sha256:267ad98befffeed90e73b8c644a297027adb81f61044843aeade7b4a44ccc7d7",
                "sha256:267bc6725506571fd3c03afcc871fa5cbf3d2cb6e4bd11043790fa60cbb0f8a4",
                "sha256:2d880a87aca186342bc2fe16b064c3ed434d2a0c170c419f23b4e00261a5340a",
                "sha256:2e2ed817fa682243ef2e8a2728fcd0f9352d4e5edd104db44862d0bb55c75a7e",
                "sha256:2e4fc4522f9bf73c6ab4cedec834783999b247312ec9e3d1435a5424ad5bc908",
                "sha256:309f134f3d42fa7df7efbbd7975f2331de8c36da3ebdb3fad59abae84268abba",
                "sha256:31aa08e8ddac402edd530aaf708ab085fea7299c499404989eabfde143377911",
                "sha256:35a603d952e9f286fe8053332862c8cff426f5d8a85ee962c3a0f597f4c463c4",
                "sha256:3824e9f75ec9f373fc8b4df23eae668918953487f5ff06db282ddcb3f9c802d2",
                "sha256:39e8a1866325b6d54de4e7d1bffffaf4b4c8cbf0988f47f0f2e929edfbeb870d",
                "sha256:3c13450450d537ec7ede3781be72d72db37cb131943148c8ada58b34e143fc6f",
                "sha256:40a5e38d0c3e488d1dca5dc9c2691c000764813d4006c243f2ebd39e0b331e95",
                "sha256:41e0e539638a27b5e90a5d46679375f93a1cb65cf06efe7c413cf76f71d3d467",
                "sha256:4217ae380f42f825862eb8e2f9beca627fe9ab613f36e206842c003bb1affafc",
                "sha256:43a06b0b492e0d936deff751ad4757786ba7cb5eee510d53b6dfe92c924ff733",
                "sha256:463fd7558f25c477c7e4a59af35c661e133473f62bb02ed2c07c9c95e1c2dc66",
                "sha256:47e6d66fe0110fd8e6efb1939d686099170c27b3ca838eab0c215f0781f05f06",
                "sha256:4a6cd85ac5f7800e8127b3194fa02c59be735b6bdfe55b8516d094652235e038",
                "sha256:50fbe01be99554f644657c32a9e3085369d23e8ccc540d855c683947d3b48b67",
                "sha256:58eaab403b77e62e096cbcbaf61728c8736f9f7a3e36a58fb663461e5d70144f",
                "sha256:59e5054c9dea821840af4623a4059c8f0ae56548a5eae8b9c7aaa0b3f1e33340",
                "sha256:5a10fc3be2bfb05b03b868d462941e4099b680b7f358a90b8c6d7d5946e9e97c",
                "sha256:5acb7e84ccd619dcff6e04928fa8d8cc24f55bb2c9cdfe96620ed85b0a82a7c7",
                "sha256:5da0e2dbddb98da890fb779823df991ad50f184b3d986b8c68784eecbb087f01",
                "sha256:622bc670b906c4bf219755625e9fa704ff07c561a90f1aa35f3f2d8ecd3ec088",
                "sha256:62dca15301bdba4ec7fcf53c39dd8d9c198194990cf035def3f47b7cb9c3213e",
                "sha256:656c70814280c4002af89112f1457b6ad24c42dfba58dcb2047a249ae8ccdd04",
                "sha256:675ba3afaa9e8ec393eb1eeee651697036e8391be54e6c28eae4bfdff4d5e64e",
                "sha256:6833f8cefb96b8ccac457ad421866a74f4de973e7001699fcbbbe9ccb59a5c66",
                "sha256:69a430ab564d286f309c19f7abed34fce9c144f39f984c609ee690dd175cc421",
                "sha256:6c08879d0cf761cd750e976fda67bcc23cf1e485eaa030942e6628b876f4c6d8",
                "sha256:6ed8f99e4e4ba8a43bb4fe0255606724f22069405fa1e3be679a2d90f74770e5",
                "sha256:72b0b84adc52f4cf970a1bb276e76e115b30d693d6dbcd25fca0bcee85ca7cc7",
                "sha256:78d0fb5faef0413864c1b593e5261a840eaa47842b0fa4af7be4c09d90b24a14",
                "sha256:79259b10f105f78853210d8769cf77ca55dac8c368dca33b4c10ffa8965e2543",
                "sha256:7d7e00e8cb45981386df9d3f99073ba7de59bdb739069766b32906421bb1026b",
                "sha256:832951ad7b5ee0df8152f239a9fc602322da055264459dcf4d50d3ed68e68045",
                "sha256:863d507cba67de2fa66d5501ed1bc5029363d2b393662ac7d740dd0330c66aba",
                "sha256:87edb05fc6e4eb14008433f02e89815a756fe4ecc32d7180bb757f26e4161e06",
                "sha256:8d01425bd54c482ccbbc6d953633450a2bdbb7d12450d9eeba6073a6d0f06a3c",
                "sha256:918f2e0f590cacb30edb88e7eccbf71b340d5f080c9e69009f1f00dc24810a67",
                "sha256:91dca7085aa358da71fa50682fc8ff7e21365c99ef17dc1962a7bbf488003528",
                "sha256:938581ba87b306675bc41e21c2b2822a9eb83fb1a0e4a4903b7398d7845b22e3",
                "sha256:9437c2342937decf3cf5ac79d0b9497734897c0a09dc813378c97f2916b7aa76",
                "sha256:94a6ffd7257d12c64de34bc9f801a211e2daa624ec276305f8c67963a9896efa",
                "sha256:952e72f173a65f271dfee102b5571004b6594d4f199864ddead77115a2c147fd",
                "sha256:9546ded45fb3cf8773ade9c91de164c6cb2cb4927516289abd422a262e81906c",
                "sha256:9817dca597abde9fc9571d56a7eca8bd667e9dfc0867b190f1e8b43ce4fde761",
                "sha256:9a8d60084e1c9e87ae247c601e331708de09ed23219b5e39af7c8e9115ab8152",
                "sha256:9bcb3abbe97975cc6a97baf24a3b6e0491472ecedbc0247a41eb2c8d73ecde5d",
                "sha256:9dda976c1dae2a0b41a109facc48d1d242c7acb30ab4c04d8421496da6e153aa",
                "sha256:9e96217a7c6a7d43071c830b1353a3ee669757ae477673f0fd3e3a97def6d410",
                "sha256:a0fa251b3b4c561d2f650d9a61fb8980815492bb088a0a521236995a1872e171",
                "sha256:a1cd48db3d03adb88bf71b45de77b9720f96d3b9d5ab7a32304352baec482689",
                "sha256:a51974fcb8a94284325cb88b474b76227532a25b035938a46167bebd1646718e",
                "sha256:aee4f570652ad77961e5ab871d11fd42752e7d2117b08324a0c8801a7ee0a7c5",
                "sha256:b2410469cc8fd0f42aa00e63063c42f8aff501996cd5424a5c904739bdaaf4fe",
                "sha256:b33e2cbaca6f7d01092a28711605568dbc08a3bb7b796d8986bf5d0d651a0b09",
                "sha256:bff4f236d1b6c556a77975812a4d51071181721f3a29c08b42e5c4aa11730957",
                "sha256:c37609f4e460e570810ec5176c5cdf91c494a9979638f7fef5fd345597245d17",
                "sha256:c8126d2b51621483823c6e31d16bc1f5a964ae976aab4f241bbe74ed19d93770",
                "sha256:c89a5ac319a80c131ca8d499ae0f7a91d4dd1dc3b2e9d8b095e991597b79c8f9",
                "sha256:c9a072cb0f6e90092c4323cd7731eb539a79ac360045dbe3cc49a123ba381fc5",
                "sha256:ca992783feaf1d6e25403340157fb584cf71371b094a575134393bba10b974fa",
                "sha256:cc8eb12c48598b20b4b99128bc2bd62974dfb65204ceb37807480788b1e66e64",
                "sha256:ccd0b89300a25decdb34d7c4efe2a971438015f552eeb416b8da12918cb3edc0",
                "sha256:cdba9f8a7a98b0c4c0bc004b811fb31a96521cd264aeb5375898478e7703de4d",
                "sha256:d17c2ee8aa380c012b3ba015b87502934662c51b7609ef17366c76863e9551d6",
                "sha256:d3f855669e1399597f7a2670310cf20fc04a35c6c446dd70320398e9aa481b3d",
                "sha256:d4bf11b89d8d7a7707ae5cac1ef86ac4ff78491482df037289470db8f0378043",
                "sha256:d66d8f3ebde14840a310a557c8f69eed3e153f2477747365355d058208eea515",
                "sha256:d83b8c0ce41e410af143bd3abef94e480d143fdb83e60a01bab9069bf565dada",
                "sha256:dcc712696d4332962ecab6e4df40d5126d7379c6612e6058ee2e9d3f924387e3",
                "sha256:e4c2fe1f49f1d8476fe44e243569d775c5454dca70a13be568430d2d2d760ea2",
                "sha256:e701b9dfb121faf71b0c5757485fc49e1b511b7b8a80034aa1f580488f8f872e",
                "sha256:e8ab4d5acdd3ac17161539d9f2ea764497dc269dcd8dc722ae4a394c7b64ae7f",
                "sha256:ea042ba262ea2a95d93c4d2d5879df956cf6c85ce22c037e3f0d4491182f10c5",
                "sha256:ed73d619e203aad54e2e6119a2b58b7568a36bd50a547817d13618ea0acf4412",
                "sha256:edac6490f84e8a0456cb40f6729d4199311ce50ca0ea4958572e1b7ea99f546c",
                "sha256:ee847d3e49870e914074fd31c069a1aaba6f71bee650d41de48e7e4b11671bf0",
                "sha256:eea308d98c64dbea48ac351011c4adf66acd936c4de2bf9955826ba8435197e2",
                "sha256:eec8a1eaaeadc217c15bc77d01bb29e146acdae73a0b2e9df1ad162263c9752e",
                "sha256:ef365ec78938597623d4fb96c8b0db423ab484fcfc00fae44c34b738b1eb1924",
                "sha256:f00495a80c5850466f0a57ea874761f78079702e28b63a1b6573ad254f828e44",
                "sha256:f0e51ff6d5665884b0e39b4ae0ef4e2d2d0174147147db7a870ddc4123882212",
                "sha256:f282711a220d1bdf245da508e1fefdf7680d1f7482a094e37465674a7e6985ae",
                "sha256:f30474b2906301594c8fb64cb7492c6978290c466a717c4b5316887a18b77af5",
                "sha256:f4f187f0929a35b6ddabc1324161e8c73ddbd4a7747249f10ec9ceaa793e904f",
                "sha256:f5a1f28b34a15dd2d67bcc324f6661df8cfe66d6ec7ee7a64e921af8ae4c39b7",
                "sha256:f5f7ce639bea0f5e95a1f71963624b85521a39928a2a1bb0e66f6180facf5969",
                "sha256:f9e3a5f4386c8f1811153f309a0ba3dc47d17e81a6dd29aa22d3e10212a2fd73",
                "sha256:ffa6762f8ef1e7dfba101babe43de6edc541cbe64d33d816314ac67cd76c3979"
            ],
            "index": "pypi",
            "version": "==0.21.1"
        },
        "oauthlib": {
            "hashes": [
                "sha256:8139f29aac13e25d502680e9e19963e83f16838d48a0d71c287fe40e7067fbca",
                "sha256:9859c40929662bec5d64f34d01c99e093149682a3f38915dc0655d5a633dd918"
            ],
            "markers": "python_version >= '3.6'",
            "version": "==3.2.2"
        },
        "protobuf": {
            "hashes": [
                "sha256:067f750169bc644da2e1ef18c785e85071b7c296f14ac53e0900e605da588719",
                "sha256:12e9ad2ec079b833176d2921be2cb24281fa591f0b119b208b788adc48c2561d",
                "sha256:1b182c7181a2891e8f7f3a1b5242e4ec54d1f42582485a896e4de81aa17540c2",
                "sha256:20651f11b6adc70c0f29efbe8f4a94a74caf61b6200472a9aea6e19898f9fcf4",
                "sha256:2da777d34b4f4f7613cdf85c70eb9a90b1fbef9d36ae4a0ccfe014b0b07906f1",
                "sha256:3d42e9e4796a811478c783ef63dc85b5a104b44aaaca85d4864d5b886e4b05e3",
                "sha256:6e514e8af0045be2b56e56ae1bb14f43ce7ffa0f68b1c793670ccbe2c4fc7d2b",
                "sha256:b0271a701e6782880d65a308ba42bc43874dabd1a0a0f41f72d2dac3b57f8e76",
                "sha256:ba53c2f04798a326774f0e53b9c759eaef4f6a568ea7072ec6629851c8435959",
                "sha256:e29d79c913f17a60cf17c626f1041e5288e9885c8579832580209de8b75f2a52",
                "sha256:f631bb982c5478e0c1c70eab383af74a84be66945ebf5dd6b06fc90079668d0b",
                "sha256:f6ccbcf027761a2978c1406070c3788f6de4a4b2cc20800cc03d52df716ad675",
                "sha256:f6f8dc65625dadaad0c8545319c2e2f0424fede988368893ca3844261342c11a"
            ],
            "markers": "python_version >= '3.7'",
            "version": "==4.24.3"
        },
        "pyasn1": {
            "hashes": [
                "sha256:87a2121042a1ac9358cabcaf1d07680ff97ee6404333bacca15f76aa8ad01a57",
                "sha256:97b7290ca68e62a832558ec3976f15cbf911bf5d7c7039d8b861c2a0ece69fde"
            ],
            "markers": "python_version >= '2.7' and python_version not in '3.0, 3.1, 3.2, 3.3, 3.4, 3.5'",
            "version": "==0.5.0"
        },
        "pyasn1-modules": {
            "hashes": [
                "sha256:5bd01446b736eb9d31512a30d46c1ac3395d676c6f3cafa4c03eb54b9925631c",
                "sha256:d3ccd6ed470d9ffbc716be08bd90efbd44d0734bc9303818f7336070984a162d"
            ],
            "markers": "python_version >= '2.7' and python_version not in '3.0, 3.1, 3.2, 3.3, 3.4, 3.5'",
            "version": "==0.3.0"
        },
        "pyparsing": {
            "hashes": [
                "sha256:32c7c0b711493c72ff18a981d24f28aaf9c1fb7ed5e9667c9e84e3db623bdbfb",
                "sha256:ede28a1a32462f5a9705e07aea48001a08f7cf81a021585011deba701581a0db"
            ],
            "markers": "python_version >= '3.1'",
            "version": "==3.1.1"
        },
        "python-dateutil": {
            "hashes": [
                "sha256:0123cacc1627ae19ddf3c27a5de5bd67ee4586fbdd6440d9748f8abb483d3e86",
                "sha256:961d03dc3453ebbc59dbdea9e4e11c5651520a876d0f4db161e8674aae935da9"
            ],
            "index": "pypi",
            "version": "==2.8.2"
        },
        "pytz": {
            "hashes": [
                "sha256:7b4fddbeb94a1eba4b557da24f19fdf9db575192544270a9101d8509f9f43d7b",
                "sha256:ce42d816b81b68506614c11e8937d3aa9e41007ceb50bfdcb0749b921bf646c7"
            ],
            "version": "==2023.3.post1"
        },
        "rapidfuzz": {
            "hashes": [
                "sha256:062a5ed305a6d45798cf5548c780d4a434d1f188cc10b971c5c389d11fa356e7",
                "sha256:0965b30b84687107658cb6dc0852d1e14e2a80a93036320264128c8940643db7",
                "sha256:113fb1020be6f4727ecbd4fb29a510e14effe85910edf22cafb6c5d1eea75694",
                "sha256:12fd4e7c7d8a58fc43a9fbbe76b577c599403174740160937f852be4e78734e7",
                "sha256:1370bb6decb505b7fee362ffd2f111ca0c369e62a35eac35386b87a8c8f29a38",
                "sha256:1441d18aa459e72c5aeacf6ec140878c2ec6debdbbabfd68cd5968ac07ac9b2b",
                "sha256:18b51a2858e7adc950407bdb21382256d499472ba5c5d870eada0fa880d854eb",
                "sha256:1b2ca9583c9e0361144138f4884b59e7165daa56b5983f15bbc1441de3d548a9",
                "sha256:1eb377265e4d2f9e6c21a0adc865dddd52b1cd90ecd2552e99b386bb1effe38a",
                "sha256:25704f21afa6fc767902e9d0b840623c008d28f58022904c282e26e4f38b770d",
                "sha256:29acfc446d091e723caa65e2a7e1b2d7669ac927d02effc5cc636bcd2f41bba5",
                "sha256:2a58279ee1595838dfc2b80562e0a89f6cb98b427c738b57ea146318604dba11",
                "sha256:2a62d1435ef7d897ac37c5975d1f672f5e73857eb183bec821a174ed937f53fb",
                "sha256:2c72aafd9f4a83d504c898473e084548ddd3fb2b2eb56121513a13807544a8d6",
                "sha256:2de666fb4d3558847b229b4a06909557628a6a1fe5ccdc68e522eed90f442e6f",
                "sha256:2e6c4580b0de835156671390959efad13741d0fb35cc355bc546d1dbf399db5e",
                "sha256:2f9a40cc64ef814ae60d567c3c9ad01ce92243a9ed6746b31bcddebc1ecc2284",
                "sha256:307c6b9e1e47afe9dc274e2e5bccb81be0941f90f395a38f77405f1d7216bc0a",
                "sha256:319e67f8c1d7b9b45386821ace33edd289ec0995d80361775f5d6d15d684c6a6",
                "sha256:324bc1b508a32972bcf267d1fbf5fddf831da0bbb9c052ffaf733d0be30819f4",
                "sha256:3363beb1da090be877e8a22ac6daefe8e0a6f6aeec10cebc4ec39db3abece897",
                "sha256:343f863df7000f212156ed030196ed20215f5231ca54749228a5d6a317b626e8",
                "sha256:376b87d6b7c83b6b2923f0916fea6fb7288ab66b1b1f3b0cc39e601bb09488cf",
                "sha256:3cf3d37e38e7a205758269cd8c8a2ae506214732ef2a82bb1ef01c695963b3f5",
                "sha256:3dfe9f4cdd9f9087f7bdd7c9f4e9304557ca8c44d4a1b1eca69230535e9ab2df",
                "sha256:3ef0cf46d84bc307100f48212966e58f7a55c6045cb4ce9fb3e386313e0fc3a1",
                "sha256:404b6bf53ac0b2b0b1f901f51953e04b758bf6905e1ee1cc29001b1cdfa55316",
                "sha256:4671cd2e0d7e861b7c7aea8ed529b93e7ebec9ec4f6858cd72c395a99074826b",
                "sha256:47ddf5d075e09d0baccc3d499c5eba36e2605771da65a6d95fcc72e22c5e36b9",
                "sha256:483299d57306c29a2bb1eb5d978f4d25a5e8d67ffee18b4155847bf9fc422b82",
                "sha256:4839f1760c7d5e1f1d01230065a111773f2f78277df5d66a55902bdef77f3f93",
                "sha256:4f77055d29ab2af3d3be16d50ecabb3ade6ea61bb1768b578f84cf558be5ef1a",
                "sha256:50b2b2b96b9c7841f6e2ab001153cd0bfcf707c427f20fed2f1f3849a99bd3fc",
                "sha256:536238d37c9918b235899cc0e330a45304ab3c25be963912b7a969b61bbb309f",
                "sha256:557a736c8c6e01e2d844211eb4f6f7913f54a912f6578fdf8d72312ae906929c",
                "sha256:56dec09e716fb12c9fa10649b5980e4bad9563b2b7dc74776618b84603740f6c",
                "sha256:5724ba0f4ac93ad43cc80407cbca2c598a36daf7f65c14279deaf3ad159f00ac",
                "sha256:5a661302b2a93afd3cbeed7a2c43d671d65de1f503c129e745255507c8a91a24",
                "sha256:5b8cdcf915c7058815321f2c0c30d20097722459bbb1fd2e1cae574bd03a39db",
                "sha256:5c4628e165910aeb96099dd42822ad32819511c2a4061dbf62169302d7299f6e",
                "sha256:5df1d384283aa2491ecdc23d00d3b2c2f1ed745f9ca42813b3e51e39a180f9b2",
                "sha256:5e71bc5829f41e78b2d009431aedeb308ee3699d2bbbc68b7739db9b40bd1465",
                "sha256:66b92484cc5ea1b546d2adef50407aa011df8c92fcc22ec9b9803eff2d917dcc",
                "sha256:68484409517617feccac3092ec879d5630253890e6895ffbe7880f063329d114",
                "sha256:68800fe792718b5b2a5ff7febbb6e4cc551ef767704873ec04062f642c9f5901",
                "sha256:6b632178ac063e8ad5b8d8bf051bd2436170c3822e865eab63e45a3289b80683",
                "sha256:6bec4903d4127d1eaa20a62105a03b38184ddaef40e18393caa1d98ae3de6a0c",
                "sha256:6e053d10f01f06d0e10a8a229f2d82845f6d5ec13d67b6a6c11910f49f6e46b2",
                "sha256:7437bfcef4b2b1417731293b97343cb45f1ca46ced381d511cd601ea41b8ab49",
                "sha256:783d082341785a832c65010a5dbba3f0c3d500f919edb25f076ddd5991fc8fba",
                "sha256:78641fecf74571d0f693cda9aaeb70db581c1df4f0ce6a9077b05558e7c5b6f5",
                "sha256:78abf9f6e3e60d4004f66085bf4618cb5480ca6155d39d17277db7d29388e49d",
                "sha256:78c73efada660cc548d166f08970aeff0ee4dd0a66fa4f27bd24ac6c31551503",
                "sha256:78e0d6d061835b16ad42df98fe826e4a0a3380621568f80c6ee2fa230d8d7020",
                "sha256:7ea934a589a7b3d522cbc358e9f8bdf6fae38c65d35596b12616f78c1c3089ec",
                "sha256:7f3da8741463e0345480e49d8bc89b83713d802c5c2851d590bd7ba1aaeace87",
                "sha256:7fa079737a22e5b098545476be428a90635bf7c89bf3ea5587fa2d07645b1569",
                "sha256:84ddf7a03740420bfae76ca5d86f934389729cc231285b669fd3d1c913b84005",
                "sha256:888c096f29f1dbfa6614ffc2780d2c766033e6c2906413d4d6d1f04e5cda05d7",
                "sha256:8a1bba2aa6af58ff04e9fdde40747dfdb3f1bc836bbb86533e317f9a4b6a607d",
                "sha256:8f5793a577570211f5dc9b08a9c53d9b7e649372a6dcb8756f3eb823504778eb",
                "sha256:906ddf3902ac4537bf21b2140c9b089c5cf4b203fdba72b447d89d6e8137132b",
                "sha256:93bdb512798f8226cd4b785a73c70efa582f26a7287d55337b9216b384946494",
                "sha256:9558411d11dfcf85d4b080e0bc005114868e217c41f0a36cc13dc2c8ec91eacc",
                "sha256:9837f4528071e5dc695fb30098d9b49341e62fab32ef5c15094be260df1a48e4",
                "sha256:9a6f8edd755d29ac7a9804382780d4b383f494fed894514819932b9a484fa117",
                "sha256:9acd9cd547089b8835ac36223888a43bdfd2492064a8c5ee00cdaf6ef010de4b",
                "sha256:9bb2690f0d760ebfb4a943f51deb7b3d689b1fa7f87f8de1f005b19574f59259",
                "sha256:9e737bd4f30917643c50694df1486ce1a5f869bbf523f38b867076a775ca1a00",
                "sha256:a2cc8ea602e030dd5a220e537cc6bbb241ecfe293614415076d8045dd198acd8",
                "sha256:a441e90ec5ac09746d3960221df1268e7a7f0b47978c388e7dcae83e23ae3462",
                "sha256:ab7b2c2cb65075d68a9c0f28513ce5154c6e7520fe13b76755971eb135138e74",
                "sha256:ada0258e3d23518b74af2363bb4062cfe492ec0c7c4c752aff6cd084d6917830",
                "sha256:b047aca009e7978a39b85f36a2ab3dbea2bec773d0cab739caa5c6c3e51fe051",
                "sha256:b13dc341f4deb2f599db3fe0ad52ab87f7bb1fc09911b4823ac618925fa400e0",
                "sha256:b8fd22c2fc3218614991abff75989a55ca9d99c50f69376457246515ce95e27d",
                "sha256:ba3421dd0f5048403acdad536b451d59bccda7b050144928c07d5830af1fb127",
                "sha256:bb60f7d2bbdabcd41059ccb68a8aea2353f96147a8402fac6581391e7edf809a",
                "sha256:bc354de84a2a56890a68a526b0d689dd010df1003794d24f222ee5ba6405d39d",
                "sha256:bd6ec3ad3fa5a490dfce534bb87429c122faf6239c97d6c2763353ef61ddab08",
                "sha256:c089bf351657a16a31b911ddab3e2f19b04062f7c8244cea1ec5a40f490e0829",
                "sha256:c7070a163017739bfaf4c8c31d66d347d7ab401c4bdb136b268508c24410aa58",
                "sha256:c8b22e1973009e89ac0e1ad157ff978a15021c2acddfa15371456ef58156aa47",
                "sha256:ca3c582e57df2407c5e07db26edb4ef19c2a7882ce2bf0fc1c5a6394986f84e5",
                "sha256:cae783ac3830a20fe32e80c53a406654d3a75b9b5d3351e81ac75ce470f24ad2",
                "sha256:cd254dc3436347a12e683c9d1984230228270009ff0985a38cbf5cbd25e8bc8c",
                "sha256:cfa1345d5007efc1bdad6f40d2bbdc42fc83bb6b9fcb8cd3cc830180ccf360b9",
                "sha256:d0f0b3587ee7dd0f8d96078c33ba88e583dab8834dd658b18df29cfced360cc6",
                "sha256:d91e0d03dce17d5e80fc3f12c0c1d1b304f1ad7c26e79e9378236772ab5de393",
                "sha256:da5d006f329518eb797c9ed12e05bb8332663c3afa5d2a508032f64f7232766c",
                "sha256:dfccefebbda76796164f8ec6ec04999d635be2d86d83b09d703b8a1f312234c7",
                "sha256:e45e5930d9f4f78f8d4b34baf4700f150b845cf8ed31bb2fb9149e29e07c6bb8",
                "sha256:e4aad090c40474f26578a968e4fbcc9418a4292201a3a0f96a2290465f5aaeec",
                "sha256:e5051c47a2a00b10c62b51bf1c4aefd2adb34d837b56fe16cfe505db7b7cc2be",
                "sha256:e59462ea2f94c809fdea2426a7cd2fe219f171cc7d0dfdbc5681176f86884da4",
                "sha256:e6467e0adfcb43b4d5bdd92a009cf7c8b952189b943c55050a9f1a8cd8180865",
                "sha256:e7f8056826ba8342f6d9c199750cddce70d1d90254320494115c26480fac44cc",
                "sha256:e809367f75b1d65ea5524a6acfcc4dcced79f4f2d19dbad8f17175ad4864515b",
                "sha256:eb1dbf0b3dcb5b9615ea5b90619eb5d7756c2d377770d53c4101ce728de53a8e",
                "sha256:ecc437ad773d40217e0a4704ee60002f7e699383dffbf576f41ed7ae6f4a8acc",
                "sha256:ed199d15bfac7a9692bba218f63d117b558f5e08d44c678e2bc9bb43931a701b",
                "sha256:efb8cc7da41926e4e68773afcdb2fa9bb6a32caefbc297c818526232a58ad5d7",
                "sha256:f0861477cb2d21ed3e3a96a98adba6b24ecaaf50021991fdd72794f963a8f8e9",
                "sha256:f25757cb21df937daed9727b628435390ce86af7734cbb3b5c055a1c57ffb434",
                "sha256:f3b40aa31c7a970696967ff43d6d5bf3be4f6c008c9ad661cf8721af9c7c81fc",
                "sha256:f4b8fd0acbbddaf0d96c1f01e949d645073ad54f8fee1a59af6aa914340ae331",
                "sha256:f5103c8f4aca404d1db4ba65c393d85d8a78f2547ce7d4a434921a4a1383aa67",
                "sha256:fbafe4e45086b9245e12d97d0c4232e866a52469221acef05192bdb2a9b96a21"
            ],
            "markers": "python_version >= '3.7'",
            "version": "==3.3.0"
        },
        "requests": {
            "hashes": [
                "sha256:58cd2187c01e70e6e26505bca751777aa9f2ee0b7f4300988b709f44e013003f",
                "sha256:942c5a758f98d790eaed1a29cb6eefc7ffb0d1cf7af05c3d2791656dbd6ad1e1"
            ],
            "markers": "python_version >= '3.7'",
            "version": "==2.31.0"
        },
        "requests-oauthlib": {
            "hashes": [
                "sha256:2577c501a2fb8d05a304c09d090d6e47c306fef15809d102b327cf8364bddab5",
                "sha256:75beac4a47881eeb94d5ea5d6ad31ef88856affe2332b9aafb52c6452ccf0d7a"
            ],
            "markers": "python_version >= '2.7' and python_version not in '3.0, 3.1, 3.2, 3.3'",
            "version": "==1.3.1"
        },
        "retrying": {
            "hashes": [
                "sha256:345da8c5765bd982b1d1915deb9102fd3d1f7ad16bd84a9700b85f64d24e8f3e",
                "sha256:8cc4d43cb8e1125e0ff3344e9de678fefd85db3b750b81b2240dc0183af37b35"
            ],
            "index": "pypi",
            "version": "==1.3.4"
        },
        "rsa": {
            "hashes": [
                "sha256:90260d9058e514786967344d0ef75fa8727eed8a7d2e43ce9f4bcf1b536174f7",
                "sha256:e38464a49c6c85d7f1351b0126661487a7e0a14a50f1675ec50eb34d4f20ef21"
            ],
            "markers": "python_version >= '3.6' and python_version < '4'",
            "version": "==4.9"
        },
        "six": {
            "hashes": [
                "sha256:1e61c37477a1626458e36f7b1d82aa5c9b094fa4802892072e49de9c60c4c926",
                "sha256:8abb2f1d86890a2dfb989f9a77cfcfd3e47c2a354b01111771326f8aa26e0254"
            ],
            "markers": "python_version >= '2.7' and python_version not in '3.0, 3.1, 3.2, 3.3'",
            "version": "==1.16.0"
        },
        "tzlocal": {
            "hashes": [
                "sha256:46eb99ad4bdb71f3f72b7d24f4267753e240944ecfc16f25d2719ba89827a803",
                "sha256:f3596e180296aaf2dbd97d124fe76ae3a0e3d32b258447de7b939b3fd4be992f"
            ],
            "index": "pypi",
            "version": "==5.0.1"
        },
        "uritemplate": {
            "hashes": [
                "sha256:4346edfc5c3b79f694bccd6d6099a322bbeb628dbf2cd86eea55a456ce5124f0",
                "sha256:830c08b8d99bdd312ea4ead05994a38e8936266f84b9a7878232db50b044e02e"
            ],
            "markers": "python_version >= '3.6'",
            "version": "==4.1.1"
        },
        "urllib3": {
            "hashes": [
                "sha256:8d36afa7616d8ab714608411b4a3b13e58f463aee519024578e062e141dce20f",
                "sha256:8f135f6502756bde6b2a9b28989df5fbe87c9970cecaa69041edcce7f0589b14"
            ],
            "markers": "python_version >= '2.7' and python_version not in '3.0, 3.1, 3.2, 3.3, 3.4, 3.5'",
            "version": "==1.26.16"
        }
    },
    "develop": {}
}
